// !$*UTF8*$!
{
	archiveVersion = 1;
	classes = {
	};
	objectVersion = 51;
	objects = {

/* Begin PBXBuildFile section */
		09C7D9DC8D21AA633DDEE3A1 /* Pods_CleanCountriesDemo.framework in Frameworks */ = {isa = PBXBuildFile; fileRef = C86E145A5F4FD96B496008C8 /* Pods_CleanCountriesDemo.framework */; };
		3C0B5AA286546D50721718B4 /* Pods_CleanCountries.framework in Frameworks */ = {isa = PBXBuildFile; fileRef = 0201EF172ED42EFEF10463EE /* Pods_CleanCountries.framework */; };
		AD0A916D2587B8220074EC9F /* UITextView+Extension.swift in Sources */ = {isa = PBXBuildFile; fileRef = AD0A916C2587B8220074EC9F /* UITextView+Extension.swift */; };
		AD0A916E2587B8220074EC9F /* UITextView+Extension.swift in Sources */ = {isa = PBXBuildFile; fileRef = AD0A916C2587B8220074EC9F /* UITextView+Extension.swift */; };
		AD0A91742587BC720074EC9F /* UIImageView+Extension.swift in Sources */ = {isa = PBXBuildFile; fileRef = AD0A91732587BC720074EC9F /* UIImageView+Extension.swift */; };
		AD0A91752587BC720074EC9F /* UIImageView+Extension.swift in Sources */ = {isa = PBXBuildFile; fileRef = AD0A91732587BC720074EC9F /* UIImageView+Extension.swift */; };
		AD0A917C2587C0F10074EC9F /* AppLog.swift in Sources */ = {isa = PBXBuildFile; fileRef = AD0A917B2587C0F10074EC9F /* AppLog.swift */; };
		AD0A917D2587C0F10074EC9F /* AppLog.swift in Sources */ = {isa = PBXBuildFile; fileRef = AD0A917B2587C0F10074EC9F /* AppLog.swift */; };
		AD0A91872587C12A0074EC9F /* DefaultLogger.swift in Sources */ = {isa = PBXBuildFile; fileRef = AD0A91862587C12A0074EC9F /* DefaultLogger.swift */; };
		AD0A91882587C12A0074EC9F /* DefaultLogger.swift in Sources */ = {isa = PBXBuildFile; fileRef = AD0A91862587C12A0074EC9F /* DefaultLogger.swift */; };
		AD186D34258612A700F9B80C /* CountryDetailViewController.swift in Sources */ = {isa = PBXBuildFile; fileRef = AD186D33258612A700F9B80C /* CountryDetailViewController.swift */; };
		AD186D35258612A700F9B80C /* CountryDetailViewController.swift in Sources */ = {isa = PBXBuildFile; fileRef = AD186D33258612A700F9B80C /* CountryDetailViewController.swift */; };
		AD186D3B258612B200F9B80C /* CountryDetailRouter.swift in Sources */ = {isa = PBXBuildFile; fileRef = AD186D3A258612B200F9B80C /* CountryDetailRouter.swift */; };
		AD186D3C258612B200F9B80C /* CountryDetailRouter.swift in Sources */ = {isa = PBXBuildFile; fileRef = AD186D3A258612B200F9B80C /* CountryDetailRouter.swift */; };
		AD186D42258612BE00F9B80C /* CountryDetailPresenter.swift in Sources */ = {isa = PBXBuildFile; fileRef = AD186D41258612BE00F9B80C /* CountryDetailPresenter.swift */; };
		AD186D43258612BE00F9B80C /* CountryDetailPresenter.swift in Sources */ = {isa = PBXBuildFile; fileRef = AD186D41258612BE00F9B80C /* CountryDetailPresenter.swift */; };
		AD186D49258612C500F9B80C /* CountryDetailInteractor.swift in Sources */ = {isa = PBXBuildFile; fileRef = AD186D48258612C500F9B80C /* CountryDetailInteractor.swift */; };
		AD186D4A258612C500F9B80C /* CountryDetailInteractor.swift in Sources */ = {isa = PBXBuildFile; fileRef = AD186D48258612C500F9B80C /* CountryDetailInteractor.swift */; };
		AD186D552586133E00F9B80C /* CountryDetailInterfaces.swift in Sources */ = {isa = PBXBuildFile; fileRef = AD186D542586133E00F9B80C /* CountryDetailInterfaces.swift */; };
		AD186D562586133E00F9B80C /* CountryDetailInterfaces.swift in Sources */ = {isa = PBXBuildFile; fileRef = AD186D542586133E00F9B80C /* CountryDetailInterfaces.swift */; };
		AD186D602586134F00F9B80C /* CountryDetailModels.swift in Sources */ = {isa = PBXBuildFile; fileRef = AD186D5F2586134F00F9B80C /* CountryDetailModels.swift */; };
		AD186D612586134F00F9B80C /* CountryDetailModels.swift in Sources */ = {isa = PBXBuildFile; fileRef = AD186D5F2586134F00F9B80C /* CountryDetailModels.swift */; };
		AD1FE1A72584DADB0033AADC /* String+Extension.swift in Sources */ = {isa = PBXBuildFile; fileRef = AD1FE1A62584DADB0033AADC /* String+Extension.swift */; };
		AD1FE1A82584DADB0033AADC /* String+Extension.swift in Sources */ = {isa = PBXBuildFile; fileRef = AD1FE1A62584DADB0033AADC /* String+Extension.swift */; };
		AD1FE1B32584DCE70033AADC /* CountriesStoreAPI.swift in Sources */ = {isa = PBXBuildFile; fileRef = AD1FE1B12584DCE70033AADC /* CountriesStoreAPI.swift */; };
		AD1FE1BD2584DCF80033AADC /* CountriesStoreAPI.swift in Sources */ = {isa = PBXBuildFile; fileRef = AD1FE1BC2584DCF80033AADC /* CountriesStoreAPI.swift */; };
		AD1FE1D12584DF5C0033AADC /* ApiServiceInterface.swift in Sources */ = {isa = PBXBuildFile; fileRef = AD1FE1D02584DF5C0033AADC /* ApiServiceInterface.swift */; };
		AD1FE1D22584DF5C0033AADC /* ApiServiceInterface.swift in Sources */ = {isa = PBXBuildFile; fileRef = AD1FE1D02584DF5C0033AADC /* ApiServiceInterface.swift */; };
		AD1FE1D92584E0800033AADC /* CountryInfo.swift in Sources */ = {isa = PBXBuildFile; fileRef = AD1FE1D82584E0800033AADC /* CountryInfo.swift */; };
		AD1FE1DA2584E0800033AADC /* CountryInfo.swift in Sources */ = {isa = PBXBuildFile; fileRef = AD1FE1D82584E0800033AADC /* CountryInfo.swift */; };
		AD1FE1E02584E15E0033AADC /* HttpCodableResponse.swift in Sources */ = {isa = PBXBuildFile; fileRef = AD1FE1DF2584E15E0033AADC /* HttpCodableResponse.swift */; };
		AD1FE1E12584E15E0033AADC /* HttpCodableResponse.swift in Sources */ = {isa = PBXBuildFile; fileRef = AD1FE1DF2584E15E0033AADC /* HttpCodableResponse.swift */; };
		AD1FE1EB2584E2DE0033AADC /* ApiService.swift in Sources */ = {isa = PBXBuildFile; fileRef = AD1FE1EA2584E2DE0033AADC /* ApiService.swift */; };
		AD1FE1EC2584E2DE0033AADC /* ApiService.swift in Sources */ = {isa = PBXBuildFile; fileRef = AD1FE1EA2584E2DE0033AADC /* ApiService.swift */; };
		AD1FE2012584E4390033AADC /* HttpError.swift in Sources */ = {isa = PBXBuildFile; fileRef = AD1FE2002584E4390033AADC /* HttpError.swift */; };
		AD1FE2022584E4390033AADC /* HttpError.swift in Sources */ = {isa = PBXBuildFile; fileRef = AD1FE2002584E4390033AADC /* HttpError.swift */; };
		AD1FE2082584E4C10033AADC /* HttpUtils.swift in Sources */ = {isa = PBXBuildFile; fileRef = AD1FE2072584E4C10033AADC /* HttpUtils.swift */; };
		AD1FE2092584E4C10033AADC /* HttpUtils.swift in Sources */ = {isa = PBXBuildFile; fileRef = AD1FE2072584E4C10033AADC /* HttpUtils.swift */; };
		AD22BF4325863894006FF089 /* AddNoteViewController.swift in Sources */ = {isa = PBXBuildFile; fileRef = AD22BF4225863894006FF089 /* AddNoteViewController.swift */; };
		AD22BF4425863894006FF089 /* AddNoteViewController.swift in Sources */ = {isa = PBXBuildFile; fileRef = AD22BF4225863894006FF089 /* AddNoteViewController.swift */; };
		AD22BF6B25866E4C006FF089 /* AddNoteInteractor.swift in Sources */ = {isa = PBXBuildFile; fileRef = AD22BF6A25866E4C006FF089 /* AddNoteInteractor.swift */; };
		AD22BF6C25866E4C006FF089 /* AddNoteInteractor.swift in Sources */ = {isa = PBXBuildFile; fileRef = AD22BF6A25866E4C006FF089 /* AddNoteInteractor.swift */; };
		AD22BF7325866ECC006FF089 /* AddNoteInterfaces.swift in Sources */ = {isa = PBXBuildFile; fileRef = AD22BF7225866ECC006FF089 /* AddNoteInterfaces.swift */; };
		AD22BF7425866ECC006FF089 /* AddNoteInterfaces.swift in Sources */ = {isa = PBXBuildFile; fileRef = AD22BF7225866ECC006FF089 /* AddNoteInterfaces.swift */; };
		AD22BF7A25866ED6006FF089 /* AddNoteModels.swift in Sources */ = {isa = PBXBuildFile; fileRef = AD22BF7925866ED6006FF089 /* AddNoteModels.swift */; };
		AD22BF7B25866ED6006FF089 /* AddNoteModels.swift in Sources */ = {isa = PBXBuildFile; fileRef = AD22BF7925866ED6006FF089 /* AddNoteModels.swift */; };
		AD22BF8125866FB9006FF089 /* AddNotePresenter.swift in Sources */ = {isa = PBXBuildFile; fileRef = AD22BF8025866FB9006FF089 /* AddNotePresenter.swift */; };
		AD22BF8225866FB9006FF089 /* AddNotePresenter.swift in Sources */ = {isa = PBXBuildFile; fileRef = AD22BF8025866FB9006FF089 /* AddNotePresenter.swift */; };
		AD22BF882586726C006FF089 /* AddNoteRouter.swift in Sources */ = {isa = PBXBuildFile; fileRef = AD22BF872586726C006FF089 /* AddNoteRouter.swift */; };
		AD22BF892586726C006FF089 /* AddNoteRouter.swift in Sources */ = {isa = PBXBuildFile; fileRef = AD22BF872586726C006FF089 /* AddNoteRouter.swift */; };
		AD588CD62584CA9F007DF1CB /* CountryListInterfaces.swift in Sources */ = {isa = PBXBuildFile; fileRef = AD588CD52584CA9F007DF1CB /* CountryListInterfaces.swift */; };
		AD588CD72584CA9F007DF1CB /* CountryListInterfaces.swift in Sources */ = {isa = PBXBuildFile; fileRef = AD588CD52584CA9F007DF1CB /* CountryListInterfaces.swift */; };
		AD588CE12584CB85007DF1CB /* CountryListModels.swift in Sources */ = {isa = PBXBuildFile; fileRef = AD588CE02584CB85007DF1CB /* CountryListModels.swift */; };
		AD588CE22584CB85007DF1CB /* CountryListModels.swift in Sources */ = {isa = PBXBuildFile; fileRef = AD588CE02584CB85007DF1CB /* CountryListModels.swift */; };
		AD588CEF2584CCD2007DF1CB /* CountryListPresenter.swift in Sources */ = {isa = PBXBuildFile; fileRef = AD588CEB2584CCD2007DF1CB /* CountryListPresenter.swift */; };
		AD588CF02584CCD2007DF1CB /* CountryListPresenter.swift in Sources */ = {isa = PBXBuildFile; fileRef = AD588CEB2584CCD2007DF1CB /* CountryListPresenter.swift */; };
		AD588CF12584CCD2007DF1CB /* CountryListInteractor.swift in Sources */ = {isa = PBXBuildFile; fileRef = AD588CEC2584CCD2007DF1CB /* CountryListInteractor.swift */; };
		AD588CF32584CCD2007DF1CB /* CountryListRouter.swift in Sources */ = {isa = PBXBuildFile; fileRef = AD588CED2584CCD2007DF1CB /* CountryListRouter.swift */; };
		AD588CF42584CCD2007DF1CB /* CountryListRouter.swift in Sources */ = {isa = PBXBuildFile; fileRef = AD588CED2584CCD2007DF1CB /* CountryListRouter.swift */; };
		AD588CF52584CCD2007DF1CB /* CountryListViewController.swift in Sources */ = {isa = PBXBuildFile; fileRef = AD588CEE2584CCD2007DF1CB /* CountryListViewController.swift */; };
		AD588CF62584CCD2007DF1CB /* CountryListViewController.swift in Sources */ = {isa = PBXBuildFile; fileRef = AD588CEE2584CCD2007DF1CB /* CountryListViewController.swift */; };
		AD588D012584CDD6007DF1CB /* CountryListTableViewCell.swift in Sources */ = {isa = PBXBuildFile; fileRef = AD588CFF2584CDD6007DF1CB /* CountryListTableViewCell.swift */; };
		AD588D022584CDD6007DF1CB /* CountryListTableViewCell.swift in Sources */ = {isa = PBXBuildFile; fileRef = AD588CFF2584CDD6007DF1CB /* CountryListTableViewCell.swift */; };
		AD588D032584CDD6007DF1CB /* CountryListTableViewCell.xib in Resources */ = {isa = PBXBuildFile; fileRef = AD588D002584CDD6007DF1CB /* CountryListTableViewCell.xib */; };
		AD588D042584CDD6007DF1CB /* CountryListTableViewCell.xib in Resources */ = {isa = PBXBuildFile; fileRef = AD588D002584CDD6007DF1CB /* CountryListTableViewCell.xib */; };
		AD588D0C2584D051007DF1CB /* Routable.swift in Sources */ = {isa = PBXBuildFile; fileRef = AD588D0B2584D051007DF1CB /* Routable.swift */; };
		AD588D0D2584D051007DF1CB /* Routable.swift in Sources */ = {isa = PBXBuildFile; fileRef = AD588D0B2584D051007DF1CB /* Routable.swift */; };
		AD588D142584D0AC007DF1CB /* Result.swift in Sources */ = {isa = PBXBuildFile; fileRef = AD588D132584D0AC007DF1CB /* Result.swift */; };
		AD588D152584D0AC007DF1CB /* Result.swift in Sources */ = {isa = PBXBuildFile; fileRef = AD588D132584D0AC007DF1CB /* Result.swift */; };
		AD588D202584D154007DF1CB /* CountriesModels.swift in Sources */ = {isa = PBXBuildFile; fileRef = AD588D1D2584D154007DF1CB /* CountriesModels.swift */; };
		AD588D212584D154007DF1CB /* CountriesModels.swift in Sources */ = {isa = PBXBuildFile; fileRef = AD588D1D2584D154007DF1CB /* CountriesModels.swift */; };
		AD588D222584D154007DF1CB /* Country.swift in Sources */ = {isa = PBXBuildFile; fileRef = AD588D1E2584D154007DF1CB /* Country.swift */; };
		AD588D232584D154007DF1CB /* Country.swift in Sources */ = {isa = PBXBuildFile; fileRef = AD588D1E2584D154007DF1CB /* Country.swift */; };
		AD588D322584D297007DF1CB /* CountriesStoreDatabase.swift in Sources */ = {isa = PBXBuildFile; fileRef = AD588D2D2584D297007DF1CB /* CountriesStoreDatabase.swift */; };
		AD588D342584D297007DF1CB /* CountriesStoreInterfaces.swift in Sources */ = {isa = PBXBuildFile; fileRef = AD588D2E2584D297007DF1CB /* CountriesStoreInterfaces.swift */; };
		AD588D352584D297007DF1CB /* CountriesStoreInterfaces.swift in Sources */ = {isa = PBXBuildFile; fileRef = AD588D2E2584D297007DF1CB /* CountriesStoreInterfaces.swift */; };
		AD588D362584D297007DF1CB /* CountriesWorker.swift in Sources */ = {isa = PBXBuildFile; fileRef = AD588D2F2584D297007DF1CB /* CountriesWorker.swift */; };
		AD588D372584D297007DF1CB /* CountriesWorker.swift in Sources */ = {isa = PBXBuildFile; fileRef = AD588D2F2584D297007DF1CB /* CountriesWorker.swift */; };
		AD588D452584D4C7007DF1CB /* Error.swift in Sources */ = {isa = PBXBuildFile; fileRef = AD588D442584D4C7007DF1CB /* Error.swift */; };
		AD588D462584D4C7007DF1CB /* Error.swift in Sources */ = {isa = PBXBuildFile; fileRef = AD588D442584D4C7007DF1CB /* Error.swift */; };
		AD6B86B32587DD460025C171 /* UITableView+Extension.swift in Sources */ = {isa = PBXBuildFile; fileRef = AD6B86B22587DD460025C171 /* UITableView+Extension.swift */; };
		AD6B86B82587DD480025C171 /* UITableView+Extension.swift in Sources */ = {isa = PBXBuildFile; fileRef = AD6B86B22587DD460025C171 /* UITableView+Extension.swift */; };
		AD73070A2585F0C1007A0C9E /* Utils.swift in Sources */ = {isa = PBXBuildFile; fileRef = AD7307092585F0C1007A0C9E /* Utils.swift */; };
		AD73070B2585F0C1007A0C9E /* Utils.swift in Sources */ = {isa = PBXBuildFile; fileRef = AD7307092585F0C1007A0C9E /* Utils.swift */; };
		AD7307122585F74A007A0C9E /* RoundedCornerView.swift in Sources */ = {isa = PBXBuildFile; fileRef = AD7307112585F74A007A0C9E /* RoundedCornerView.swift */; };
		AD7307132585F74A007A0C9E /* RoundedCornerView.swift in Sources */ = {isa = PBXBuildFile; fileRef = AD7307112585F74A007A0C9E /* RoundedCornerView.swift */; };
		AD840B7F25852FB7004663C6 /* RealmCountry.swift in Sources */ = {isa = PBXBuildFile; fileRef = AD840B7E25852FB7004663C6 /* RealmCountry.swift */; };
		AD840B8025852FB7004663C6 /* RealmCountry.swift in Sources */ = {isa = PBXBuildFile; fileRef = AD840B7E25852FB7004663C6 /* RealmCountry.swift */; };
		AD840BA3258533E4004663C6 /* Reach.swift in Sources */ = {isa = PBXBuildFile; fileRef = AD840BA2258533E4004663C6 /* Reach.swift */; };
		AD840BA4258533E4004663C6 /* Reach.swift in Sources */ = {isa = PBXBuildFile; fileRef = AD840BA2258533E4004663C6 /* Reach.swift */; };
		AD840BB625853793004663C6 /* CountryListInteractor.swift in Sources */ = {isa = PBXBuildFile; fileRef = AD588CEC2584CCD2007DF1CB /* CountryListInteractor.swift */; };
		AD840BBF258538F4004663C6 /* CountriesStoreDatabase.swift in Sources */ = {isa = PBXBuildFile; fileRef = AD588D2D2584D297007DF1CB /* CountriesStoreDatabase.swift */; };
		ADD837702584C35A00D77F93 /* AppDelegate.swift in Sources */ = {isa = PBXBuildFile; fileRef = ADD8376F2584C35A00D77F93 /* AppDelegate.swift */; };
		ADD837722584C35A00D77F93 /* SceneDelegate.swift in Sources */ = {isa = PBXBuildFile; fileRef = ADD837712584C35A00D77F93 /* SceneDelegate.swift */; };
		ADD837772584C35A00D77F93 /* CountryList.storyboard in Resources */ = {isa = PBXBuildFile; fileRef = ADD837752584C35A00D77F93 /* CountryList.storyboard */; };
		ADD837792584C35C00D77F93 /* Assets.xcassets in Resources */ = {isa = PBXBuildFile; fileRef = ADD837782584C35C00D77F93 /* Assets.xcassets */; };
		ADD8377C2584C35C00D77F93 /* LaunchScreen.storyboard in Resources */ = {isa = PBXBuildFile; fileRef = ADD8377A2584C35C00D77F93 /* LaunchScreen.storyboard */; };
		ADD837872584C35C00D77F93 /* CleanCountriesTests.swift in Sources */ = {isa = PBXBuildFile; fileRef = ADD837862584C35C00D77F93 /* CleanCountriesTests.swift */; };
		ADD837922584C35C00D77F93 /* CleanCountriesUITests.swift in Sources */ = {isa = PBXBuildFile; fileRef = ADD837912584C35C00D77F93 /* CleanCountriesUITests.swift */; };
		ADD837A52584C45200D77F93 /* AppDelegate.swift in Sources */ = {isa = PBXBuildFile; fileRef = ADD8376F2584C35A00D77F93 /* AppDelegate.swift */; };
		ADD837A62584C45200D77F93 /* SceneDelegate.swift in Sources */ = {isa = PBXBuildFile; fileRef = ADD837712584C35A00D77F93 /* SceneDelegate.swift */; };
		ADD837A92584C45200D77F93 /* LaunchScreen.storyboard in Resources */ = {isa = PBXBuildFile; fileRef = ADD8377A2584C35C00D77F93 /* LaunchScreen.storyboard */; };
		ADD837AA2584C45200D77F93 /* Assets.xcassets in Resources */ = {isa = PBXBuildFile; fileRef = ADD837782584C35C00D77F93 /* Assets.xcassets */; };
		ADD837AB2584C45200D77F93 /* CountryList.storyboard in Resources */ = {isa = PBXBuildFile; fileRef = ADD837752584C35A00D77F93 /* CountryList.storyboard */; };
		ADD837D42584C5FE00D77F93 /* Localizable.strings in Resources */ = {isa = PBXBuildFile; fileRef = ADD837D72584C5FE00D77F93 /* Localizable.strings */; };
		ADD837D52584C5FE00D77F93 /* Localizable.strings in Resources */ = {isa = PBXBuildFile; fileRef = ADD837D72584C5FE00D77F93 /* Localizable.strings */; };
		ADD837E52584C66E00D77F93 /* AppModels.swift in Sources */ = {isa = PBXBuildFile; fileRef = ADD837E22584C66E00D77F93 /* AppModels.swift */; };
		ADD837E62584C66E00D77F93 /* AppModels.swift in Sources */ = {isa = PBXBuildFile; fileRef = ADD837E22584C66E00D77F93 /* AppModels.swift */; };
		ADD837E72584C66E00D77F93 /* AppDisplayable.swift in Sources */ = {isa = PBXBuildFile; fileRef = ADD837E32584C66E00D77F93 /* AppDisplayable.swift */; };
		ADD837E82584C66E00D77F93 /* AppDisplayable.swift in Sources */ = {isa = PBXBuildFile; fileRef = ADD837E32584C66E00D77F93 /* AppDisplayable.swift */; };
		ADD837E92584C66E00D77F93 /* AppRoutable.swift in Sources */ = {isa = PBXBuildFile; fileRef = ADD837E42584C66E00D77F93 /* AppRoutable.swift */; };
		ADD837EA2584C66E00D77F93 /* AppRoutable.swift in Sources */ = {isa = PBXBuildFile; fileRef = ADD837E42584C66E00D77F93 /* AppRoutable.swift */; };
		ADD837F02584C80200D77F93 /* Podfile in Resources */ = {isa = PBXBuildFile; fileRef = ADD837EF2584C80100D77F93 /* Podfile */; };
		ADD837F12584C80200D77F93 /* Podfile in Resources */ = {isa = PBXBuildFile; fileRef = ADD837EF2584C80100D77F93 /* Podfile */; };
		ADE809C72587EE05009653B2 /* Seeds.swift in Sources */ = {isa = PBXBuildFile; fileRef = ADE809C62587EE05009653B2 /* Seeds.swift */; };
		ADE80A0F2588D188009653B2 /* CountryListViewControllerTests.swift in Sources */ = {isa = PBXBuildFile; fileRef = ADE80A0E2588D188009653B2 /* CountryListViewControllerTests.swift */; };
		ADEE41BE258A35FE00954D84 /* Notification+Extension.swift in Sources */ = {isa = PBXBuildFile; fileRef = ADEE41BD258A35FE00954D84 /* Notification+Extension.swift */; };
		ADEE41BF258A35FE00954D84 /* Notification+Extension.swift in Sources */ = {isa = PBXBuildFile; fileRef = ADEE41BD258A35FE00954D84 /* Notification+Extension.swift */; };
		D177BC61298D671F8A46247E /* Pods_CleanCountries_CleanCountriesUITests.framework in Frameworks */ = {isa = PBXBuildFile; fileRef = 5CE8913BC492F6D335F017B5 /* Pods_CleanCountries_CleanCountriesUITests.framework */; };
		FEB12FFD7B4972511A7965B3 /* Pods_CleanCountriesTests.framework in Frameworks */ = {isa = PBXBuildFile; fileRef = 5A673043AF04F278B3E8B301 /* Pods_CleanCountriesTests.framework */; };
/* End PBXBuildFile section */

/* Begin PBXContainerItemProxy section */
		ADD837832584C35C00D77F93 /* PBXContainerItemProxy */ = {
			isa = PBXContainerItemProxy;
			containerPortal = ADD837642584C35A00D77F93 /* Project object */;
			proxyType = 1;
			remoteGlobalIDString = ADD8376B2584C35A00D77F93;
			remoteInfo = CleanCountries;
		};
		ADD8378E2584C35C00D77F93 /* PBXContainerItemProxy */ = {
			isa = PBXContainerItemProxy;
			containerPortal = ADD837642584C35A00D77F93 /* Project object */;
			proxyType = 1;
			remoteGlobalIDString = ADD8376B2584C35A00D77F93;
			remoteInfo = CleanCountries;
		};
		ADE809B22587ECE2009653B2 /* PBXContainerItemProxy */ = {
			isa = PBXContainerItemProxy;
			containerPortal = ADD837642584C35A00D77F93 /* Project object */;
			proxyType = 1;
			remoteGlobalIDString = ADD837A22584C45200D77F93;
			remoteInfo = CleanCountriesDemo;
		};
		ADE809C02587ECE7009653B2 /* PBXContainerItemProxy */ = {
			isa = PBXContainerItemProxy;
			containerPortal = ADD837642584C35A00D77F93 /* Project object */;
			proxyType = 1;
			remoteGlobalIDString = ADD837A22584C45200D77F93;
			remoteInfo = CleanCountriesDemo;
		};
/* End PBXContainerItemProxy section */

/* Begin PBXFileReference section */
		0201EF172ED42EFEF10463EE /* Pods_CleanCountries.framework */ = {isa = PBXFileReference; explicitFileType = wrapper.framework; includeInIndex = 0; path = Pods_CleanCountries.framework; sourceTree = BUILT_PRODUCTS_DIR; };
		1014307AAEA8E869B87C1A4C /* Pods-CleanCountries-CleanCountriesUITests.debug.xcconfig */ = {isa = PBXFileReference; includeInIndex = 1; lastKnownFileType = text.xcconfig; name = "Pods-CleanCountries-CleanCountriesUITests.debug.xcconfig"; path = "Target Support Files/Pods-CleanCountries-CleanCountriesUITests/Pods-CleanCountries-CleanCountriesUITests.debug.xcconfig"; sourceTree = "<group>"; };
		1234F53E384C9B6457C31C80 /* Pods-CleanCountriesDemo.debug.xcconfig */ = {isa = PBXFileReference; includeInIndex = 1; lastKnownFileType = text.xcconfig; name = "Pods-CleanCountriesDemo.debug.xcconfig"; path = "Target Support Files/Pods-CleanCountriesDemo/Pods-CleanCountriesDemo.debug.xcconfig"; sourceTree = "<group>"; };
		5A673043AF04F278B3E8B301 /* Pods_CleanCountriesTests.framework */ = {isa = PBXFileReference; explicitFileType = wrapper.framework; includeInIndex = 0; path = Pods_CleanCountriesTests.framework; sourceTree = BUILT_PRODUCTS_DIR; };
		5CE8913BC492F6D335F017B5 /* Pods_CleanCountries_CleanCountriesUITests.framework */ = {isa = PBXFileReference; explicitFileType = wrapper.framework; includeInIndex = 0; path = Pods_CleanCountries_CleanCountriesUITests.framework; sourceTree = BUILT_PRODUCTS_DIR; };
		788B7D6C4EDFB878167F3DBF /* Pods-CleanCountriesTests.debug.xcconfig */ = {isa = PBXFileReference; includeInIndex = 1; lastKnownFileType = text.xcconfig; name = "Pods-CleanCountriesTests.debug.xcconfig"; path = "Target Support Files/Pods-CleanCountriesTests/Pods-CleanCountriesTests.debug.xcconfig"; sourceTree = "<group>"; };
		AA433916F66F308D8ADF8548 /* Pods-CleanCountriesDemo.release.xcconfig */ = {isa = PBXFileReference; includeInIndex = 1; lastKnownFileType = text.xcconfig; name = "Pods-CleanCountriesDemo.release.xcconfig"; path = "Target Support Files/Pods-CleanCountriesDemo/Pods-CleanCountriesDemo.release.xcconfig"; sourceTree = "<group>"; };
		AD0A916C2587B8220074EC9F /* UITextView+Extension.swift */ = {isa = PBXFileReference; lastKnownFileType = sourcecode.swift; path = "UITextView+Extension.swift"; sourceTree = "<group>"; };
		AD0A91732587BC720074EC9F /* UIImageView+Extension.swift */ = {isa = PBXFileReference; lastKnownFileType = sourcecode.swift; path = "UIImageView+Extension.swift"; sourceTree = "<group>"; };
		AD0A917B2587C0F10074EC9F /* AppLog.swift */ = {isa = PBXFileReference; lastKnownFileType = sourcecode.swift; path = AppLog.swift; sourceTree = "<group>"; };
		AD0A91862587C12A0074EC9F /* DefaultLogger.swift */ = {isa = PBXFileReference; lastKnownFileType = sourcecode.swift; path = DefaultLogger.swift; sourceTree = "<group>"; };
		AD186D33258612A700F9B80C /* CountryDetailViewController.swift */ = {isa = PBXFileReference; lastKnownFileType = sourcecode.swift; path = CountryDetailViewController.swift; sourceTree = "<group>"; };
		AD186D3A258612B200F9B80C /* CountryDetailRouter.swift */ = {isa = PBXFileReference; lastKnownFileType = sourcecode.swift; path = CountryDetailRouter.swift; sourceTree = "<group>"; };
		AD186D41258612BE00F9B80C /* CountryDetailPresenter.swift */ = {isa = PBXFileReference; lastKnownFileType = sourcecode.swift; path = CountryDetailPresenter.swift; sourceTree = "<group>"; };
		AD186D48258612C500F9B80C /* CountryDetailInteractor.swift */ = {isa = PBXFileReference; lastKnownFileType = sourcecode.swift; path = CountryDetailInteractor.swift; sourceTree = "<group>"; };
		AD186D542586133E00F9B80C /* CountryDetailInterfaces.swift */ = {isa = PBXFileReference; lastKnownFileType = sourcecode.swift; path = CountryDetailInterfaces.swift; sourceTree = "<group>"; };
		AD186D5F2586134F00F9B80C /* CountryDetailModels.swift */ = {isa = PBXFileReference; lastKnownFileType = sourcecode.swift; path = CountryDetailModels.swift; sourceTree = "<group>"; };
		AD1FE1A62584DADB0033AADC /* String+Extension.swift */ = {isa = PBXFileReference; lastKnownFileType = sourcecode.swift; path = "String+Extension.swift"; sourceTree = "<group>"; };
		AD1FE1B12584DCE70033AADC /* CountriesStoreAPI.swift */ = {isa = PBXFileReference; lastKnownFileType = sourcecode.swift; path = CountriesStoreAPI.swift; sourceTree = "<group>"; };
		AD1FE1BC2584DCF80033AADC /* CountriesStoreAPI.swift */ = {isa = PBXFileReference; lastKnownFileType = sourcecode.swift; path = CountriesStoreAPI.swift; sourceTree = "<group>"; };
		AD1FE1D02584DF5C0033AADC /* ApiServiceInterface.swift */ = {isa = PBXFileReference; lastKnownFileType = sourcecode.swift; path = ApiServiceInterface.swift; sourceTree = "<group>"; };
		AD1FE1D82584E0800033AADC /* CountryInfo.swift */ = {isa = PBXFileReference; lastKnownFileType = sourcecode.swift; path = CountryInfo.swift; sourceTree = "<group>"; };
		AD1FE1DF2584E15E0033AADC /* HttpCodableResponse.swift */ = {isa = PBXFileReference; lastKnownFileType = sourcecode.swift; path = HttpCodableResponse.swift; sourceTree = "<group>"; };
		AD1FE1EA2584E2DE0033AADC /* ApiService.swift */ = {isa = PBXFileReference; lastKnownFileType = sourcecode.swift; path = ApiService.swift; sourceTree = "<group>"; };
		AD1FE2002584E4390033AADC /* HttpError.swift */ = {isa = PBXFileReference; lastKnownFileType = sourcecode.swift; path = HttpError.swift; sourceTree = "<group>"; };
		AD1FE2072584E4C10033AADC /* HttpUtils.swift */ = {isa = PBXFileReference; lastKnownFileType = sourcecode.swift; path = HttpUtils.swift; sourceTree = "<group>"; };
		AD22BF4225863894006FF089 /* AddNoteViewController.swift */ = {isa = PBXFileReference; lastKnownFileType = sourcecode.swift; path = AddNoteViewController.swift; sourceTree = "<group>"; };
		AD22BF6A25866E4C006FF089 /* AddNoteInteractor.swift */ = {isa = PBXFileReference; lastKnownFileType = sourcecode.swift; path = AddNoteInteractor.swift; sourceTree = "<group>"; };
		AD22BF7225866ECC006FF089 /* AddNoteInterfaces.swift */ = {isa = PBXFileReference; lastKnownFileType = sourcecode.swift; path = AddNoteInterfaces.swift; sourceTree = "<group>"; };
		AD22BF7925866ED6006FF089 /* AddNoteModels.swift */ = {isa = PBXFileReference; lastKnownFileType = sourcecode.swift; path = AddNoteModels.swift; sourceTree = "<group>"; };
		AD22BF8025866FB9006FF089 /* AddNotePresenter.swift */ = {isa = PBXFileReference; lastKnownFileType = sourcecode.swift; path = AddNotePresenter.swift; sourceTree = "<group>"; };
		AD22BF872586726C006FF089 /* AddNoteRouter.swift */ = {isa = PBXFileReference; lastKnownFileType = sourcecode.swift; path = AddNoteRouter.swift; sourceTree = "<group>"; };
		AD588CD52584CA9F007DF1CB /* CountryListInterfaces.swift */ = {isa = PBXFileReference; lastKnownFileType = sourcecode.swift; path = CountryListInterfaces.swift; sourceTree = "<group>"; };
		AD588CE02584CB85007DF1CB /* CountryListModels.swift */ = {isa = PBXFileReference; lastKnownFileType = sourcecode.swift; path = CountryListModels.swift; sourceTree = "<group>"; };
		AD588CEB2584CCD2007DF1CB /* CountryListPresenter.swift */ = {isa = PBXFileReference; fileEncoding = 4; lastKnownFileType = sourcecode.swift; path = CountryListPresenter.swift; sourceTree = "<group>"; };
		AD588CEC2584CCD2007DF1CB /* CountryListInteractor.swift */ = {isa = PBXFileReference; fileEncoding = 4; lastKnownFileType = sourcecode.swift; path = CountryListInteractor.swift; sourceTree = "<group>"; };
		AD588CED2584CCD2007DF1CB /* CountryListRouter.swift */ = {isa = PBXFileReference; fileEncoding = 4; lastKnownFileType = sourcecode.swift; path = CountryListRouter.swift; sourceTree = "<group>"; };
		AD588CEE2584CCD2007DF1CB /* CountryListViewController.swift */ = {isa = PBXFileReference; fileEncoding = 4; lastKnownFileType = sourcecode.swift; path = CountryListViewController.swift; sourceTree = "<group>"; };
		AD588CFF2584CDD6007DF1CB /* CountryListTableViewCell.swift */ = {isa = PBXFileReference; fileEncoding = 4; lastKnownFileType = sourcecode.swift; path = CountryListTableViewCell.swift; sourceTree = "<group>"; };
		AD588D002584CDD6007DF1CB /* CountryListTableViewCell.xib */ = {isa = PBXFileReference; fileEncoding = 4; lastKnownFileType = file.xib; path = CountryListTableViewCell.xib; sourceTree = "<group>"; };
		AD588D0B2584D051007DF1CB /* Routable.swift */ = {isa = PBXFileReference; fileEncoding = 4; lastKnownFileType = sourcecode.swift; path = Routable.swift; sourceTree = "<group>"; };
		AD588D132584D0AC007DF1CB /* Result.swift */ = {isa = PBXFileReference; fileEncoding = 4; lastKnownFileType = sourcecode.swift; path = Result.swift; sourceTree = "<group>"; };
		AD588D1D2584D154007DF1CB /* CountriesModels.swift */ = {isa = PBXFileReference; fileEncoding = 4; lastKnownFileType = sourcecode.swift; path = CountriesModels.swift; sourceTree = "<group>"; };
		AD588D1E2584D154007DF1CB /* Country.swift */ = {isa = PBXFileReference; fileEncoding = 4; lastKnownFileType = sourcecode.swift; path = Country.swift; sourceTree = "<group>"; };
		AD588D2D2584D297007DF1CB /* CountriesStoreDatabase.swift */ = {isa = PBXFileReference; fileEncoding = 4; lastKnownFileType = sourcecode.swift; path = CountriesStoreDatabase.swift; sourceTree = "<group>"; };
		AD588D2E2584D297007DF1CB /* CountriesStoreInterfaces.swift */ = {isa = PBXFileReference; fileEncoding = 4; lastKnownFileType = sourcecode.swift; path = CountriesStoreInterfaces.swift; sourceTree = "<group>"; };
		AD588D2F2584D297007DF1CB /* CountriesWorker.swift */ = {isa = PBXFileReference; fileEncoding = 4; lastKnownFileType = sourcecode.swift; path = CountriesWorker.swift; sourceTree = "<group>"; };
		AD588D442584D4C7007DF1CB /* Error.swift */ = {isa = PBXFileReference; lastKnownFileType = sourcecode.swift; path = Error.swift; sourceTree = "<group>"; };
		AD6B86B22587DD460025C171 /* UITableView+Extension.swift */ = {isa = PBXFileReference; lastKnownFileType = sourcecode.swift; path = "UITableView+Extension.swift"; sourceTree = "<group>"; };
		AD7307092585F0C1007A0C9E /* Utils.swift */ = {isa = PBXFileReference; lastKnownFileType = sourcecode.swift; path = Utils.swift; sourceTree = "<group>"; };
		AD7307112585F74A007A0C9E /* RoundedCornerView.swift */ = {isa = PBXFileReference; lastKnownFileType = sourcecode.swift; path = RoundedCornerView.swift; sourceTree = "<group>"; };
		AD840B7E25852FB7004663C6 /* RealmCountry.swift */ = {isa = PBXFileReference; lastKnownFileType = sourcecode.swift; path = RealmCountry.swift; sourceTree = "<group>"; };
		AD840BA2258533E4004663C6 /* Reach.swift */ = {isa = PBXFileReference; lastKnownFileType = sourcecode.swift; path = Reach.swift; sourceTree = "<group>"; };
		ADD8376C2584C35A00D77F93 /* CleanCountries.app */ = {isa = PBXFileReference; explicitFileType = wrapper.application; includeInIndex = 0; path = CleanCountries.app; sourceTree = BUILT_PRODUCTS_DIR; };
		ADD8376F2584C35A00D77F93 /* AppDelegate.swift */ = {isa = PBXFileReference; lastKnownFileType = sourcecode.swift; path = AppDelegate.swift; sourceTree = "<group>"; };
		ADD837712584C35A00D77F93 /* SceneDelegate.swift */ = {isa = PBXFileReference; lastKnownFileType = sourcecode.swift; path = SceneDelegate.swift; sourceTree = "<group>"; };
		ADD837762584C35A00D77F93 /* Base */ = {isa = PBXFileReference; lastKnownFileType = file.storyboard; name = Base; path = Base.lproj/CountryList.storyboard; sourceTree = "<group>"; };
		ADD837782584C35C00D77F93 /* Assets.xcassets */ = {isa = PBXFileReference; lastKnownFileType = folder.assetcatalog; path = Assets.xcassets; sourceTree = "<group>"; };
		ADD8377B2584C35C00D77F93 /* Base */ = {isa = PBXFileReference; lastKnownFileType = file.storyboard; name = Base; path = Base.lproj/LaunchScreen.storyboard; sourceTree = "<group>"; };
		ADD8377D2584C35C00D77F93 /* Info.plist */ = {isa = PBXFileReference; lastKnownFileType = text.plist.xml; path = Info.plist; sourceTree = "<group>"; };
		ADD837822584C35C00D77F93 /* CleanCountriesTests.xctest */ = {isa = PBXFileReference; explicitFileType = wrapper.cfbundle; includeInIndex = 0; path = CleanCountriesTests.xctest; sourceTree = BUILT_PRODUCTS_DIR; };
		ADD837862584C35C00D77F93 /* CleanCountriesTests.swift */ = {isa = PBXFileReference; lastKnownFileType = sourcecode.swift; path = CleanCountriesTests.swift; sourceTree = "<group>"; };
		ADD837882584C35C00D77F93 /* Info.plist */ = {isa = PBXFileReference; lastKnownFileType = text.plist.xml; path = Info.plist; sourceTree = "<group>"; };
		ADD8378D2584C35C00D77F93 /* CleanCountriesUITests.xctest */ = {isa = PBXFileReference; explicitFileType = wrapper.cfbundle; includeInIndex = 0; path = CleanCountriesUITests.xctest; sourceTree = BUILT_PRODUCTS_DIR; };
		ADD837912584C35C00D77F93 /* CleanCountriesUITests.swift */ = {isa = PBXFileReference; lastKnownFileType = sourcecode.swift; path = CleanCountriesUITests.swift; sourceTree = "<group>"; };
		ADD837932584C35C00D77F93 /* Info.plist */ = {isa = PBXFileReference; lastKnownFileType = text.plist.xml; path = Info.plist; sourceTree = "<group>"; };
		ADD837AF2584C45200D77F93 /* CleanCountriesDemo.app */ = {isa = PBXFileReference; explicitFileType = wrapper.application; includeInIndex = 0; path = CleanCountriesDemo.app; sourceTree = BUILT_PRODUCTS_DIR; };
		ADD837B02584C45200D77F93 /* Info.plist */ = {isa = PBXFileReference; lastKnownFileType = text.plist.xml; name = Info.plist; path = "/Users/ndebei/metide/CleanCountries/CleanCountries/Targets Configuration/Demo/Info.plist"; sourceTree = "<absolute>"; };
		ADD837D62584C5FE00D77F93 /* en */ = {isa = PBXFileReference; lastKnownFileType = text.plist.strings; name = en; path = en.lproj/Localizable.strings; sourceTree = "<group>"; };
		ADD837DC2584C60200D77F93 /* it */ = {isa = PBXFileReference; lastKnownFileType = text.plist.strings; name = it; path = it.lproj/Localizable.strings; sourceTree = "<group>"; };
		ADD837E22584C66E00D77F93 /* AppModels.swift */ = {isa = PBXFileReference; fileEncoding = 4; lastKnownFileType = sourcecode.swift; path = AppModels.swift; sourceTree = "<group>"; };
		ADD837E32584C66E00D77F93 /* AppDisplayable.swift */ = {isa = PBXFileReference; fileEncoding = 4; lastKnownFileType = sourcecode.swift; path = AppDisplayable.swift; sourceTree = "<group>"; };
		ADD837E42584C66E00D77F93 /* AppRoutable.swift */ = {isa = PBXFileReference; fileEncoding = 4; lastKnownFileType = sourcecode.swift; path = AppRoutable.swift; sourceTree = "<group>"; };
		ADD837EF2584C80100D77F93 /* Podfile */ = {isa = PBXFileReference; fileEncoding = 4; lastKnownFileType = text; path = Podfile; sourceTree = SOURCE_ROOT; xcLanguageSpecificationIdentifier = xcode.lang.ruby; };
		ADE809C62587EE05009653B2 /* Seeds.swift */ = {isa = PBXFileReference; lastKnownFileType = sourcecode.swift; path = Seeds.swift; sourceTree = "<group>"; };
		ADE80A0E2588D188009653B2 /* CountryListViewControllerTests.swift */ = {isa = PBXFileReference; lastKnownFileType = sourcecode.swift; path = CountryListViewControllerTests.swift; sourceTree = "<group>"; };
		ADEE41BD258A35FE00954D84 /* Notification+Extension.swift */ = {isa = PBXFileReference; lastKnownFileType = sourcecode.swift; path = "Notification+Extension.swift"; sourceTree = "<group>"; };
		AF51DF0E0F281EBB61B3FCD0 /* Pods-CleanCountries-CleanCountriesUITests.release.xcconfig */ = {isa = PBXFileReference; includeInIndex = 1; lastKnownFileType = text.xcconfig; name = "Pods-CleanCountries-CleanCountriesUITests.release.xcconfig"; path = "Target Support Files/Pods-CleanCountries-CleanCountriesUITests/Pods-CleanCountries-CleanCountriesUITests.release.xcconfig"; sourceTree = "<group>"; };
		C86E145A5F4FD96B496008C8 /* Pods_CleanCountriesDemo.framework */ = {isa = PBXFileReference; explicitFileType = wrapper.framework; includeInIndex = 0; path = Pods_CleanCountriesDemo.framework; sourceTree = BUILT_PRODUCTS_DIR; };
		D3AF8C2BEE621A0D61CB373D /* Pods-CleanCountries.debug.xcconfig */ = {isa = PBXFileReference; includeInIndex = 1; lastKnownFileType = text.xcconfig; name = "Pods-CleanCountries.debug.xcconfig"; path = "Target Support Files/Pods-CleanCountries/Pods-CleanCountries.debug.xcconfig"; sourceTree = "<group>"; };
		E3DCBD6536D7B1FEC99941CE /* Pods-CleanCountries.release.xcconfig */ = {isa = PBXFileReference; includeInIndex = 1; lastKnownFileType = text.xcconfig; name = "Pods-CleanCountries.release.xcconfig"; path = "Target Support Files/Pods-CleanCountries/Pods-CleanCountries.release.xcconfig"; sourceTree = "<group>"; };
		FF461FB3C6FCA9C97F5A7886 /* Pods-CleanCountriesTests.release.xcconfig */ = {isa = PBXFileReference; includeInIndex = 1; lastKnownFileType = text.xcconfig; name = "Pods-CleanCountriesTests.release.xcconfig"; path = "Target Support Files/Pods-CleanCountriesTests/Pods-CleanCountriesTests.release.xcconfig"; sourceTree = "<group>"; };
/* End PBXFileReference section */

/* Begin PBXFrameworksBuildPhase section */
		ADD837692584C35A00D77F93 /* Frameworks */ = {
			isa = PBXFrameworksBuildPhase;
			buildActionMask = 2147483647;
			files = (
				3C0B5AA286546D50721718B4 /* Pods_CleanCountries.framework in Frameworks */,
			);
			runOnlyForDeploymentPostprocessing = 0;
		};
		ADD8377F2584C35C00D77F93 /* Frameworks */ = {
			isa = PBXFrameworksBuildPhase;
			buildActionMask = 2147483647;
			files = (
				FEB12FFD7B4972511A7965B3 /* Pods_CleanCountriesTests.framework in Frameworks */,
			);
			runOnlyForDeploymentPostprocessing = 0;
		};
		ADD8378A2584C35C00D77F93 /* Frameworks */ = {
			isa = PBXFrameworksBuildPhase;
			buildActionMask = 2147483647;
			files = (
				D177BC61298D671F8A46247E /* Pods_CleanCountries_CleanCountriesUITests.framework in Frameworks */,
			);
			runOnlyForDeploymentPostprocessing = 0;
		};
		ADD837A72584C45200D77F93 /* Frameworks */ = {
			isa = PBXFrameworksBuildPhase;
			buildActionMask = 2147483647;
			files = (
				09C7D9DC8D21AA633DDEE3A1 /* Pods_CleanCountriesDemo.framework in Frameworks */,
			);
			runOnlyForDeploymentPostprocessing = 0;
		};
/* End PBXFrameworksBuildPhase section */

/* Begin PBXGroup section */
		AD0A917A2587C0DB0074EC9F /* Logger */ = {
			isa = PBXGroup;
			children = (
				AD0A917B2587C0F10074EC9F /* AppLog.swift */,
				AD0A91862587C12A0074EC9F /* DefaultLogger.swift */,
			);
			path = Logger;
			sourceTree = "<group>";
		};
		AD186D532586132900F9B80C /* Common */ = {
			isa = PBXGroup;
			children = (
				AD186D542586133E00F9B80C /* CountryDetailInterfaces.swift */,
				AD186D5F2586134F00F9B80C /* CountryDetailModels.swift */,
			);
			path = Common;
			sourceTree = "<group>";
		};
		AD1FE1812584D9F10033AADC /* Database */ = {
			isa = PBXGroup;
			children = (
				AD840B7E25852FB7004663C6 /* RealmCountry.swift */,
			);
			path = Database;
			sourceTree = "<group>";
		};
		AD1FE1CF2584DF3F0033AADC /* API */ = {
			isa = PBXGroup;
			children = (
				AD1FE1D72584E0750033AADC /* Models */,
				AD1FE1D02584DF5C0033AADC /* ApiServiceInterface.swift */,
				AD1FE1EA2584E2DE0033AADC /* ApiService.swift */,
			);
			path = API;
			sourceTree = "<group>";
		};
		AD1FE1D72584E0750033AADC /* Models */ = {
			isa = PBXGroup;
			children = (
				AD1FE1DF2584E15E0033AADC /* HttpCodableResponse.swift */,
				AD1FE1D82584E0800033AADC /* CountryInfo.swift */,
				AD1FE2002584E4390033AADC /* HttpError.swift */,
				AD1FE2072584E4C10033AADC /* HttpUtils.swift */,
			);
			path = Models;
			sourceTree = "<group>";
		};
		AD22BF7125866EBF006FF089 /* Common */ = {
			isa = PBXGroup;
			children = (
				AD22BF7225866ECC006FF089 /* AddNoteInterfaces.swift */,
				AD22BF7925866ED6006FF089 /* AddNoteModels.swift */,
			);
			path = Common;
			sourceTree = "<group>";
		};
		AD588CC32584C9F9007DF1CB /* Scenes */ = {
			isa = PBXGroup;
			children = (
				AD588CC82584CA04007DF1CB /* CountryList */,
				AD588CC92584CA11007DF1CB /* CountryDetail */,
				AD588CCE2584CA1A007DF1CB /* CountryAddNote */,
			);
			path = Scenes;
			sourceTree = "<group>";
		};
		AD588CC82584CA04007DF1CB /* CountryList */ = {
			isa = PBXGroup;
			children = (
				ADD837752584C35A00D77F93 /* CountryList.storyboard */,
				AD588CD32584CA87007DF1CB /* Controls */,
				AD588CD42584CA8D007DF1CB /* Common */,
				AD588CEE2584CCD2007DF1CB /* CountryListViewController.swift */,
				AD588CEC2584CCD2007DF1CB /* CountryListInteractor.swift */,
				AD588CEB2584CCD2007DF1CB /* CountryListPresenter.swift */,
				AD588CED2584CCD2007DF1CB /* CountryListRouter.swift */,
			);
			path = CountryList;
			sourceTree = "<group>";
		};
		AD588CC92584CA11007DF1CB /* CountryDetail */ = {
			isa = PBXGroup;
			children = (
				AD186D532586132900F9B80C /* Common */,
				AD186D33258612A700F9B80C /* CountryDetailViewController.swift */,
				AD186D48258612C500F9B80C /* CountryDetailInteractor.swift */,
				AD186D41258612BE00F9B80C /* CountryDetailPresenter.swift */,
				AD186D3A258612B200F9B80C /* CountryDetailRouter.swift */,
			);
			path = CountryDetail;
			sourceTree = "<group>";
		};
		AD588CCE2584CA1A007DF1CB /* CountryAddNote */ = {
			isa = PBXGroup;
			children = (
				AD22BF7125866EBF006FF089 /* Common */,
				AD22BF4225863894006FF089 /* AddNoteViewController.swift */,
				AD22BF6A25866E4C006FF089 /* AddNoteInteractor.swift */,
				AD22BF8025866FB9006FF089 /* AddNotePresenter.swift */,
				AD22BF872586726C006FF089 /* AddNoteRouter.swift */,
			);
			path = CountryAddNote;
			sourceTree = "<group>";
		};
		AD588CD32584CA87007DF1CB /* Controls */ = {
			isa = PBXGroup;
			children = (
				AD588CFF2584CDD6007DF1CB /* CountryListTableViewCell.swift */,
				AD588D002584CDD6007DF1CB /* CountryListTableViewCell.xib */,
			);
			path = Controls;
			sourceTree = "<group>";
		};
		AD588CD42584CA8D007DF1CB /* Common */ = {
			isa = PBXGroup;
			children = (
				AD588CD52584CA9F007DF1CB /* CountryListInterfaces.swift */,
				AD588CE02584CB85007DF1CB /* CountryListModels.swift */,
			);
			path = Common;
			sourceTree = "<group>";
		};
		AD588D092584D003007DF1CB /* Core */ = {
			isa = PBXGroup;
			children = (
				AD1FE1CF2584DF3F0033AADC /* API */,
				AD588D122584D08A007DF1CB /* Enums */,
				AD588D1C2584D131007DF1CB /* Models */,
				AD1FE1812584D9F10033AADC /* Database */,
				AD588D1A2584D0EC007DF1CB /* Stores */,
			);
			path = Core;
			sourceTree = "<group>";
		};
		AD588D122584D08A007DF1CB /* Enums */ = {
			isa = PBXGroup;
			children = (
				AD588D132584D0AC007DF1CB /* Result.swift */,
				AD588D442584D4C7007DF1CB /* Error.swift */,
			);
			path = Enums;
			sourceTree = "<group>";
		};
		AD588D1A2584D0EC007DF1CB /* Stores */ = {
			isa = PBXGroup;
			children = (
				AD588D2E2584D297007DF1CB /* CountriesStoreInterfaces.swift */,
				AD588D2D2584D297007DF1CB /* CountriesStoreDatabase.swift */,
				AD588D2F2584D297007DF1CB /* CountriesWorker.swift */,
				AD588D2A2584D297007DF1CB /* Demo */,
				AD588D2C2584D297007DF1CB /* Production */,
			);
			path = Stores;
			sourceTree = "<group>";
		};
		AD588D1C2584D131007DF1CB /* Models */ = {
			isa = PBXGroup;
			children = (
				AD588D1D2584D154007DF1CB /* CountriesModels.swift */,
				AD588D1E2584D154007DF1CB /* Country.swift */,
			);
			path = Models;
			sourceTree = "<group>";
		};
		AD588D2A2584D297007DF1CB /* Demo */ = {
			isa = PBXGroup;
			children = (
				AD1FE1B12584DCE70033AADC /* CountriesStoreAPI.swift */,
			);
			path = Demo;
			sourceTree = "<group>";
		};
		AD588D2C2584D297007DF1CB /* Production */ = {
			isa = PBXGroup;
			children = (
				AD1FE1BC2584DCF80033AADC /* CountriesStoreAPI.swift */,
			);
			path = Production;
			sourceTree = "<group>";
		};
		AD7307102585F73D007A0C9E /* Controls */ = {
			isa = PBXGroup;
			children = (
				AD7307112585F74A007A0C9E /* RoundedCornerView.swift */,
				AD0A916C2587B8220074EC9F /* UITextView+Extension.swift */,
				AD0A91732587BC720074EC9F /* UIImageView+Extension.swift */,
				AD6B86B22587DD460025C171 /* UITableView+Extension.swift */,
			);
			path = Controls;
			sourceTree = "<group>";
		};
		ADD837632584C35A00D77F93 = {
			isa = PBXGroup;
			children = (
				ADD8376E2584C35A00D77F93 /* CleanCountries */,
				ADD837852584C35C00D77F93 /* CleanCountriesTests */,
				ADD837902584C35C00D77F93 /* CleanCountriesUITests */,
				ADD8376D2584C35A00D77F93 /* Products */,
				E1FB49BD77B347F24DB4CE9C /* Pods */,
				EA382219EA0E87F2B76D201E /* Frameworks */,
			);
			sourceTree = "<group>";
		};
		ADD8376D2584C35A00D77F93 /* Products */ = {
			isa = PBXGroup;
			children = (
				ADD8376C2584C35A00D77F93 /* CleanCountries.app */,
				ADD837822584C35C00D77F93 /* CleanCountriesTests.xctest */,
				ADD8378D2584C35C00D77F93 /* CleanCountriesUITests.xctest */,
				ADD837AF2584C45200D77F93 /* CleanCountriesDemo.app */,
			);
			name = Products;
			sourceTree = "<group>";
		};
		ADD8376E2584C35A00D77F93 /* CleanCountries */ = {
			isa = PBXGroup;
			children = (
				ADD837B92584C49E00D77F93 /* Targets Configuration */,
				AD0A917A2587C0DB0074EC9F /* Logger */,
				ADD837C82584C5DA00D77F93 /* i18n */,
				ADD837E12584C66E00D77F93 /* Common */,
				AD588CC32584C9F9007DF1CB /* Scenes */,
				AD588D092584D003007DF1CB /* Core */,
				ADD8376F2584C35A00D77F93 /* AppDelegate.swift */,
				ADD837712584C35A00D77F93 /* SceneDelegate.swift */,
				ADD837782584C35C00D77F93 /* Assets.xcassets */,
				ADD8377A2584C35C00D77F93 /* LaunchScreen.storyboard */,
				ADD837EF2584C80100D77F93 /* Podfile */,
			);
			path = CleanCountries;
			sourceTree = "<group>";
		};
		ADD837852584C35C00D77F93 /* CleanCountriesTests */ = {
			isa = PBXGroup;
			children = (
				ADD837862584C35C00D77F93 /* CleanCountriesTests.swift */,
				ADE80A0E2588D188009653B2 /* CountryListViewControllerTests.swift */,
				ADD837882584C35C00D77F93 /* Info.plist */,
				ADE809C62587EE05009653B2 /* Seeds.swift */,
			);
			path = CleanCountriesTests;
			sourceTree = "<group>";
		};
		ADD837902584C35C00D77F93 /* CleanCountriesUITests */ = {
			isa = PBXGroup;
			children = (
				ADD837912584C35C00D77F93 /* CleanCountriesUITests.swift */,
				ADD837932584C35C00D77F93 /* Info.plist */,
			);
			path = CleanCountriesUITests;
			sourceTree = "<group>";
		};
		ADD837B92584C49E00D77F93 /* Targets Configuration */ = {
			isa = PBXGroup;
			children = (
				ADD837BA2584C4AC00D77F93 /* Production */,
				ADD837BB2584C4B200D77F93 /* Demo */,
			);
			path = "Targets Configuration";
			sourceTree = "<group>";
		};
		ADD837BA2584C4AC00D77F93 /* Production */ = {
			isa = PBXGroup;
			children = (
				ADD8377D2584C35C00D77F93 /* Info.plist */,
			);
			path = Production;
			sourceTree = "<group>";
		};
		ADD837BB2584C4B200D77F93 /* Demo */ = {
			isa = PBXGroup;
			children = (
				ADD837B02584C45200D77F93 /* Info.plist */,
			);
			path = Demo;
			sourceTree = "<group>";
		};
		ADD837C82584C5DA00D77F93 /* i18n */ = {
			isa = PBXGroup;
			children = (
				ADD837D72584C5FE00D77F93 /* Localizable.strings */,
			);
			path = i18n;
			sourceTree = "<group>";
		};
		ADD837E12584C66E00D77F93 /* Common */ = {
			isa = PBXGroup;
			children = (
				AD7307102585F73D007A0C9E /* Controls */,
				ADD837E22584C66E00D77F93 /* AppModels.swift */,
				ADD837E32584C66E00D77F93 /* AppDisplayable.swift */,
				ADD837E42584C66E00D77F93 /* AppRoutable.swift */,
				AD588D0B2584D051007DF1CB /* Routable.swift */,
				AD1FE1A62584DADB0033AADC /* String+Extension.swift */,
				AD840BA2258533E4004663C6 /* Reach.swift */,
				AD7307092585F0C1007A0C9E /* Utils.swift */,
				ADEE41BD258A35FE00954D84 /* Notification+Extension.swift */,
			);
			path = Common;
			sourceTree = "<group>";
		};
		E1FB49BD77B347F24DB4CE9C /* Pods */ = {
			isa = PBXGroup;
			children = (
				D3AF8C2BEE621A0D61CB373D /* Pods-CleanCountries.debug.xcconfig */,
				E3DCBD6536D7B1FEC99941CE /* Pods-CleanCountries.release.xcconfig */,
				1014307AAEA8E869B87C1A4C /* Pods-CleanCountries-CleanCountriesUITests.debug.xcconfig */,
				AF51DF0E0F281EBB61B3FCD0 /* Pods-CleanCountries-CleanCountriesUITests.release.xcconfig */,
				1234F53E384C9B6457C31C80 /* Pods-CleanCountriesDemo.debug.xcconfig */,
				AA433916F66F308D8ADF8548 /* Pods-CleanCountriesDemo.release.xcconfig */,
				788B7D6C4EDFB878167F3DBF /* Pods-CleanCountriesTests.debug.xcconfig */,
				FF461FB3C6FCA9C97F5A7886 /* Pods-CleanCountriesTests.release.xcconfig */,
			);
			path = Pods;
			sourceTree = "<group>";
		};
		EA382219EA0E87F2B76D201E /* Frameworks */ = {
			isa = PBXGroup;
			children = (
				0201EF172ED42EFEF10463EE /* Pods_CleanCountries.framework */,
				5CE8913BC492F6D335F017B5 /* Pods_CleanCountries_CleanCountriesUITests.framework */,
				C86E145A5F4FD96B496008C8 /* Pods_CleanCountriesDemo.framework */,
				5A673043AF04F278B3E8B301 /* Pods_CleanCountriesTests.framework */,
			);
			name = Frameworks;
			sourceTree = "<group>";
		};
/* End PBXGroup section */

/* Begin PBXNativeTarget section */
		ADD8376B2584C35A00D77F93 /* CleanCountries */ = {
			isa = PBXNativeTarget;
			buildConfigurationList = ADD837962584C35C00D77F93 /* Build configuration list for PBXNativeTarget "CleanCountries" */;
			buildPhases = (
				295A230E4715AE6FF1ABF27C /* [CP] Check Pods Manifest.lock */,
				ADD837682584C35A00D77F93 /* Sources */,
				ADD837692584C35A00D77F93 /* Frameworks */,
				ADD8376A2584C35A00D77F93 /* Resources */,
				8AE9BD824789220302E0F81E /* [CP] Embed Pods Frameworks */,
			);
			buildRules = (
			);
			dependencies = (
			);
			name = CleanCountries;
			productName = CleanCountries;
			productReference = ADD8376C2584C35A00D77F93 /* CleanCountries.app */;
			productType = "com.apple.product-type.application";
		};
		ADD837812584C35C00D77F93 /* CleanCountriesTests */ = {
			isa = PBXNativeTarget;
			buildConfigurationList = ADD837992584C35C00D77F93 /* Build configuration list for PBXNativeTarget "CleanCountriesTests" */;
			buildPhases = (
				18E387E6C63E7BEE59380B44 /* [CP] Check Pods Manifest.lock */,
				ADD8377E2584C35C00D77F93 /* Sources */,
				ADD8377F2584C35C00D77F93 /* Frameworks */,
				ADD837802584C35C00D77F93 /* Resources */,
			);
			buildRules = (
			);
			dependencies = (
				ADD837842584C35C00D77F93 /* PBXTargetDependency */,
				ADE809B32587ECE2009653B2 /* PBXTargetDependency */,
			);
			name = CleanCountriesTests;
			productName = CleanCountriesTests;
			productReference = ADD837822584C35C00D77F93 /* CleanCountriesTests.xctest */;
			productType = "com.apple.product-type.bundle.unit-test";
		};
		ADD8378C2584C35C00D77F93 /* CleanCountriesUITests */ = {
			isa = PBXNativeTarget;
			buildConfigurationList = ADD8379C2584C35C00D77F93 /* Build configuration list for PBXNativeTarget "CleanCountriesUITests" */;
			buildPhases = (
				F73DB2FB7934015C3CA22399 /* [CP] Check Pods Manifest.lock */,
				ADD837892584C35C00D77F93 /* Sources */,
				ADD8378A2584C35C00D77F93 /* Frameworks */,
				ADD8378B2584C35C00D77F93 /* Resources */,
				06C0D009F003B0BC9B171EC5 /* [CP] Embed Pods Frameworks */,
			);
			buildRules = (
			);
			dependencies = (
				ADD8378F2584C35C00D77F93 /* PBXTargetDependency */,
				ADE809C12587ECE7009653B2 /* PBXTargetDependency */,
			);
			name = CleanCountriesUITests;
			productName = CleanCountriesUITests;
			productReference = ADD8378D2584C35C00D77F93 /* CleanCountriesUITests.xctest */;
			productType = "com.apple.product-type.bundle.ui-testing";
		};
		ADD837A22584C45200D77F93 /* CleanCountriesDemo */ = {
			isa = PBXNativeTarget;
			buildConfigurationList = ADD837AC2584C45200D77F93 /* Build configuration list for PBXNativeTarget "CleanCountriesDemo" */;
			buildPhases = (
				36F81DF3DF44717A6EFC3D61 /* [CP] Check Pods Manifest.lock */,
				ADD837A32584C45200D77F93 /* Sources */,
				ADD837A72584C45200D77F93 /* Frameworks */,
				ADD837A82584C45200D77F93 /* Resources */,
				5E1391724A0C072F29D5D165 /* [CP] Embed Pods Frameworks */,
			);
			buildRules = (
			);
			dependencies = (
			);
			name = CleanCountriesDemo;
			productName = CleanCountries;
			productReference = ADD837AF2584C45200D77F93 /* CleanCountriesDemo.app */;
			productType = "com.apple.product-type.application";
		};
/* End PBXNativeTarget section */

/* Begin PBXProject section */
		ADD837642584C35A00D77F93 /* Project object */ = {
			isa = PBXProject;
			attributes = {
				LastSwiftUpdateCheck = 1220;
				LastUpgradeCheck = 1220;
				TargetAttributes = {
					ADD8376B2584C35A00D77F93 = {
						CreatedOnToolsVersion = 12.2;
					};
					ADD837812584C35C00D77F93 = {
						CreatedOnToolsVersion = 12.2;
						TestTargetID = ADD837A22584C45200D77F93;
					};
					ADD8378C2584C35C00D77F93 = {
						CreatedOnToolsVersion = 12.2;
						TestTargetID = ADD837A22584C45200D77F93;
					};
				};
			};
			buildConfigurationList = ADD837672584C35A00D77F93 /* Build configuration list for PBXProject "CleanCountries" */;
			compatibilityVersion = "Xcode 9.3";
			developmentRegion = en;
			hasScannedForEncodings = 0;
			knownRegions = (
				en,
				Base,
				it,
			);
			mainGroup = ADD837632584C35A00D77F93;
			productRefGroup = ADD8376D2584C35A00D77F93 /* Products */;
			projectDirPath = "";
			projectRoot = "";
			targets = (
				ADD8376B2584C35A00D77F93 /* CleanCountries */,
				ADD837A22584C45200D77F93 /* CleanCountriesDemo */,
				ADD837812584C35C00D77F93 /* CleanCountriesTests */,
				ADD8378C2584C35C00D77F93 /* CleanCountriesUITests */,
			);
		};
/* End PBXProject section */

/* Begin PBXResourcesBuildPhase section */
		ADD8376A2584C35A00D77F93 /* Resources */ = {
			isa = PBXResourcesBuildPhase;
			buildActionMask = 2147483647;
			files = (
				ADD837F02584C80200D77F93 /* Podfile in Resources */,
				ADD837D42584C5FE00D77F93 /* Localizable.strings in Resources */,
				AD588D032584CDD6007DF1CB /* CountryListTableViewCell.xib in Resources */,
				ADD8377C2584C35C00D77F93 /* LaunchScreen.storyboard in Resources */,
				ADD837792584C35C00D77F93 /* Assets.xcassets in Resources */,
				ADD837772584C35A00D77F93 /* CountryList.storyboard in Resources */,
			);
			runOnlyForDeploymentPostprocessing = 0;
		};
		ADD837802584C35C00D77F93 /* Resources */ = {
			isa = PBXResourcesBuildPhase;
			buildActionMask = 2147483647;
			files = (
			);
			runOnlyForDeploymentPostprocessing = 0;
		};
		ADD8378B2584C35C00D77F93 /* Resources */ = {
			isa = PBXResourcesBuildPhase;
			buildActionMask = 2147483647;
			files = (
			);
			runOnlyForDeploymentPostprocessing = 0;
		};
		ADD837A82584C45200D77F93 /* Resources */ = {
			isa = PBXResourcesBuildPhase;
			buildActionMask = 2147483647;
			files = (
				ADD837F12584C80200D77F93 /* Podfile in Resources */,
				ADD837D52584C5FE00D77F93 /* Localizable.strings in Resources */,
				AD588D042584CDD6007DF1CB /* CountryListTableViewCell.xib in Resources */,
				ADD837A92584C45200D77F93 /* LaunchScreen.storyboard in Resources */,
				ADD837AA2584C45200D77F93 /* Assets.xcassets in Resources */,
				ADD837AB2584C45200D77F93 /* CountryList.storyboard in Resources */,
			);
			runOnlyForDeploymentPostprocessing = 0;
		};
/* End PBXResourcesBuildPhase section */

/* Begin PBXShellScriptBuildPhase section */
		06C0D009F003B0BC9B171EC5 /* [CP] Embed Pods Frameworks */ = {
			isa = PBXShellScriptBuildPhase;
			buildActionMask = 2147483647;
			files = (
			);
			inputFileListPaths = (
				"${PODS_ROOT}/Target Support Files/Pods-CleanCountries-CleanCountriesUITests/Pods-CleanCountries-CleanCountriesUITests-frameworks-${CONFIGURATION}-input-files.xcfilelist",
			);
			name = "[CP] Embed Pods Frameworks";
			outputFileListPaths = (
				"${PODS_ROOT}/Target Support Files/Pods-CleanCountries-CleanCountriesUITests/Pods-CleanCountries-CleanCountriesUITests-frameworks-${CONFIGURATION}-output-files.xcfilelist",
			);
			runOnlyForDeploymentPostprocessing = 0;
			shellPath = /bin/sh;
			shellScript = "\"${PODS_ROOT}/Target Support Files/Pods-CleanCountries-CleanCountriesUITests/Pods-CleanCountries-CleanCountriesUITests-frameworks.sh\"\n";
			showEnvVarsInLog = 0;
		};
		18E387E6C63E7BEE59380B44 /* [CP] Check Pods Manifest.lock */ = {
			isa = PBXShellScriptBuildPhase;
			buildActionMask = 2147483647;
			files = (
			);
			inputFileListPaths = (
			);
			inputPaths = (
				"${PODS_PODFILE_DIR_PATH}/Podfile.lock",
				"${PODS_ROOT}/Manifest.lock",
			);
			name = "[CP] Check Pods Manifest.lock";
			outputFileListPaths = (
			);
			outputPaths = (
				"$(DERIVED_FILE_DIR)/Pods-CleanCountriesTests-checkManifestLockResult.txt",
			);
			runOnlyForDeploymentPostprocessing = 0;
			shellPath = /bin/sh;
			shellScript = "diff \"${PODS_PODFILE_DIR_PATH}/Podfile.lock\" \"${PODS_ROOT}/Manifest.lock\" > /dev/null\nif [ $? != 0 ] ; then\n    # print error to STDERR\n    echo \"error: The sandbox is not in sync with the Podfile.lock. Run 'pod install' or update your CocoaPods installation.\" >&2\n    exit 1\nfi\n# This output is used by Xcode 'outputs' to avoid re-running this script phase.\necho \"SUCCESS\" > \"${SCRIPT_OUTPUT_FILE_0}\"\n";
			showEnvVarsInLog = 0;
		};
		295A230E4715AE6FF1ABF27C /* [CP] Check Pods Manifest.lock */ = {
			isa = PBXShellScriptBuildPhase;
			buildActionMask = 2147483647;
			files = (
			);
			inputFileListPaths = (
			);
			inputPaths = (
				"${PODS_PODFILE_DIR_PATH}/Podfile.lock",
				"${PODS_ROOT}/Manifest.lock",
			);
			name = "[CP] Check Pods Manifest.lock";
			outputFileListPaths = (
			);
			outputPaths = (
				"$(DERIVED_FILE_DIR)/Pods-CleanCountries-checkManifestLockResult.txt",
			);
			runOnlyForDeploymentPostprocessing = 0;
			shellPath = /bin/sh;
			shellScript = "diff \"${PODS_PODFILE_DIR_PATH}/Podfile.lock\" \"${PODS_ROOT}/Manifest.lock\" > /dev/null\nif [ $? != 0 ] ; then\n    # print error to STDERR\n    echo \"error: The sandbox is not in sync with the Podfile.lock. Run 'pod install' or update your CocoaPods installation.\" >&2\n    exit 1\nfi\n# This output is used by Xcode 'outputs' to avoid re-running this script phase.\necho \"SUCCESS\" > \"${SCRIPT_OUTPUT_FILE_0}\"\n";
			showEnvVarsInLog = 0;
		};
		36F81DF3DF44717A6EFC3D61 /* [CP] Check Pods Manifest.lock */ = {
			isa = PBXShellScriptBuildPhase;
			buildActionMask = 2147483647;
			files = (
			);
			inputFileListPaths = (
			);
			inputPaths = (
				"${PODS_PODFILE_DIR_PATH}/Podfile.lock",
				"${PODS_ROOT}/Manifest.lock",
			);
			name = "[CP] Check Pods Manifest.lock";
			outputFileListPaths = (
			);
			outputPaths = (
				"$(DERIVED_FILE_DIR)/Pods-CleanCountriesDemo-checkManifestLockResult.txt",
			);
			runOnlyForDeploymentPostprocessing = 0;
			shellPath = /bin/sh;
			shellScript = "diff \"${PODS_PODFILE_DIR_PATH}/Podfile.lock\" \"${PODS_ROOT}/Manifest.lock\" > /dev/null\nif [ $? != 0 ] ; then\n    # print error to STDERR\n    echo \"error: The sandbox is not in sync with the Podfile.lock. Run 'pod install' or update your CocoaPods installation.\" >&2\n    exit 1\nfi\n# This output is used by Xcode 'outputs' to avoid re-running this script phase.\necho \"SUCCESS\" > \"${SCRIPT_OUTPUT_FILE_0}\"\n";
			showEnvVarsInLog = 0;
		};
		5E1391724A0C072F29D5D165 /* [CP] Embed Pods Frameworks */ = {
			isa = PBXShellScriptBuildPhase;
			buildActionMask = 2147483647;
			files = (
			);
			inputFileListPaths = (
				"${PODS_ROOT}/Target Support Files/Pods-CleanCountriesDemo/Pods-CleanCountriesDemo-frameworks-${CONFIGURATION}-input-files.xcfilelist",
			);
			name = "[CP] Embed Pods Frameworks";
			outputFileListPaths = (
				"${PODS_ROOT}/Target Support Files/Pods-CleanCountriesDemo/Pods-CleanCountriesDemo-frameworks-${CONFIGURATION}-output-files.xcfilelist",
			);
			runOnlyForDeploymentPostprocessing = 0;
			shellPath = /bin/sh;
			shellScript = "\"${PODS_ROOT}/Target Support Files/Pods-CleanCountriesDemo/Pods-CleanCountriesDemo-frameworks.sh\"\n";
			showEnvVarsInLog = 0;
		};
		8AE9BD824789220302E0F81E /* [CP] Embed Pods Frameworks */ = {
			isa = PBXShellScriptBuildPhase;
			buildActionMask = 2147483647;
			files = (
			);
			inputFileListPaths = (
				"${PODS_ROOT}/Target Support Files/Pods-CleanCountries/Pods-CleanCountries-frameworks-${CONFIGURATION}-input-files.xcfilelist",
			);
			name = "[CP] Embed Pods Frameworks";
			outputFileListPaths = (
				"${PODS_ROOT}/Target Support Files/Pods-CleanCountries/Pods-CleanCountries-frameworks-${CONFIGURATION}-output-files.xcfilelist",
			);
			runOnlyForDeploymentPostprocessing = 0;
			shellPath = /bin/sh;
			shellScript = "\"${PODS_ROOT}/Target Support Files/Pods-CleanCountries/Pods-CleanCountries-frameworks.sh\"\n";
			showEnvVarsInLog = 0;
		};
		F73DB2FB7934015C3CA22399 /* [CP] Check Pods Manifest.lock */ = {
			isa = PBXShellScriptBuildPhase;
			buildActionMask = 2147483647;
			files = (
			);
			inputFileListPaths = (
			);
			inputPaths = (
				"${PODS_PODFILE_DIR_PATH}/Podfile.lock",
				"${PODS_ROOT}/Manifest.lock",
			);
			name = "[CP] Check Pods Manifest.lock";
			outputFileListPaths = (
			);
			outputPaths = (
				"$(DERIVED_FILE_DIR)/Pods-CleanCountries-CleanCountriesUITests-checkManifestLockResult.txt",
			);
			runOnlyForDeploymentPostprocessing = 0;
			shellPath = /bin/sh;
			shellScript = "diff \"${PODS_PODFILE_DIR_PATH}/Podfile.lock\" \"${PODS_ROOT}/Manifest.lock\" > /dev/null\nif [ $? != 0 ] ; then\n    # print error to STDERR\n    echo \"error: The sandbox is not in sync with the Podfile.lock. Run 'pod install' or update your CocoaPods installation.\" >&2\n    exit 1\nfi\n# This output is used by Xcode 'outputs' to avoid re-running this script phase.\necho \"SUCCESS\" > \"${SCRIPT_OUTPUT_FILE_0}\"\n";
			showEnvVarsInLog = 0;
		};
/* End PBXShellScriptBuildPhase section */

/* Begin PBXSourcesBuildPhase section */
		ADD837682584C35A00D77F93 /* Sources */ = {
			isa = PBXSourcesBuildPhase;
			buildActionMask = 2147483647;
			files = (
				AD588D202584D154007DF1CB /* CountriesModels.swift in Sources */,
				AD1FE1D92584E0800033AADC /* CountryInfo.swift in Sources */,
				AD186D34258612A700F9B80C /* CountryDetailViewController.swift in Sources */,
				AD588D452584D4C7007DF1CB /* Error.swift in Sources */,
				AD588D0C2584D051007DF1CB /* Routable.swift in Sources */,
				AD588CF52584CCD2007DF1CB /* CountryListViewController.swift in Sources */,
				AD1FE1BD2584DCF80033AADC /* CountriesStoreAPI.swift in Sources */,
				AD186D49258612C500F9B80C /* CountryDetailInteractor.swift in Sources */,
				AD588D342584D297007DF1CB /* CountriesStoreInterfaces.swift in Sources */,
				AD0A916D2587B8220074EC9F /* UITextView+Extension.swift in Sources */,
				AD588D362584D297007DF1CB /* CountriesWorker.swift in Sources */,
				AD588CF12584CCD2007DF1CB /* CountryListInteractor.swift in Sources */,
				AD73070A2585F0C1007A0C9E /* Utils.swift in Sources */,
				AD588D012584CDD6007DF1CB /* CountryListTableViewCell.swift in Sources */,
				AD0A91742587BC720074EC9F /* UIImageView+Extension.swift in Sources */,
				AD22BF4325863894006FF089 /* AddNoteViewController.swift in Sources */,
				ADD837702584C35A00D77F93 /* AppDelegate.swift in Sources */,
				AD588D142584D0AC007DF1CB /* Result.swift in Sources */,
				ADEE41BE258A35FE00954D84 /* Notification+Extension.swift in Sources */,
				AD0A91872587C12A0074EC9F /* DefaultLogger.swift in Sources */,
				AD1FE1A72584DADB0033AADC /* String+Extension.swift in Sources */,
				ADD837722584C35A00D77F93 /* SceneDelegate.swift in Sources */,
				AD186D42258612BE00F9B80C /* CountryDetailPresenter.swift in Sources */,
				AD6B86B32587DD460025C171 /* UITableView+Extension.swift in Sources */,
				AD588D222584D154007DF1CB /* Country.swift in Sources */,
				AD186D552586133E00F9B80C /* CountryDetailInterfaces.swift in Sources */,
				AD588CD62584CA9F007DF1CB /* CountryListInterfaces.swift in Sources */,
				AD186D602586134F00F9B80C /* CountryDetailModels.swift in Sources */,
				ADD837E52584C66E00D77F93 /* AppModels.swift in Sources */,
				AD1FE2012584E4390033AADC /* HttpError.swift in Sources */,
				AD588D322584D297007DF1CB /* CountriesStoreDatabase.swift in Sources */,
				AD588CF32584CCD2007DF1CB /* CountryListRouter.swift in Sources */,
				ADD837E72584C66E00D77F93 /* AppDisplayable.swift in Sources */,
				AD1FE1EB2584E2DE0033AADC /* ApiService.swift in Sources */,
				AD588CE12584CB85007DF1CB /* CountryListModels.swift in Sources */,
				AD22BF882586726C006FF089 /* AddNoteRouter.swift in Sources */,
				AD0A917C2587C0F10074EC9F /* AppLog.swift in Sources */,
				AD7307122585F74A007A0C9E /* RoundedCornerView.swift in Sources */,
				AD840B7F25852FB7004663C6 /* RealmCountry.swift in Sources */,
				AD22BF7A25866ED6006FF089 /* AddNoteModels.swift in Sources */,
				ADD837E92584C66E00D77F93 /* AppRoutable.swift in Sources */,
				AD1FE1D12584DF5C0033AADC /* ApiServiceInterface.swift in Sources */,
				AD22BF6B25866E4C006FF089 /* AddNoteInteractor.swift in Sources */,
				AD1FE1E02584E15E0033AADC /* HttpCodableResponse.swift in Sources */,
				AD22BF8125866FB9006FF089 /* AddNotePresenter.swift in Sources */,
				AD186D3B258612B200F9B80C /* CountryDetailRouter.swift in Sources */,
				AD840BA3258533E4004663C6 /* Reach.swift in Sources */,
				AD22BF7325866ECC006FF089 /* AddNoteInterfaces.swift in Sources */,
				AD588CEF2584CCD2007DF1CB /* CountryListPresenter.swift in Sources */,
				AD1FE2082584E4C10033AADC /* HttpUtils.swift in Sources */,
			);
			runOnlyForDeploymentPostprocessing = 0;
		};
		ADD8377E2584C35C00D77F93 /* Sources */ = {
			isa = PBXSourcesBuildPhase;
			buildActionMask = 2147483647;
			files = (
				ADE809C72587EE05009653B2 /* Seeds.swift in Sources */,
				ADD837872584C35C00D77F93 /* CleanCountriesTests.swift in Sources */,
				ADE80A0F2588D188009653B2 /* CountryListViewControllerTests.swift in Sources */,
			);
			runOnlyForDeploymentPostprocessing = 0;
		};
		ADD837892584C35C00D77F93 /* Sources */ = {
			isa = PBXSourcesBuildPhase;
			buildActionMask = 2147483647;
			files = (
				ADD837922584C35C00D77F93 /* CleanCountriesUITests.swift in Sources */,
			);
			runOnlyForDeploymentPostprocessing = 0;
		};
		ADD837A32584C45200D77F93 /* Sources */ = {
			isa = PBXSourcesBuildPhase;
			buildActionMask = 2147483647;
			files = (
				AD588D212584D154007DF1CB /* CountriesModels.swift in Sources */,
				AD1FE1DA2584E0800033AADC /* CountryInfo.swift in Sources */,
				AD186D35258612A700F9B80C /* CountryDetailViewController.swift in Sources */,
				AD840BBF258538F4004663C6 /* CountriesStoreDatabase.swift in Sources */,
				AD588D462584D4C7007DF1CB /* Error.swift in Sources */,
				AD588D0D2584D051007DF1CB /* Routable.swift in Sources */,
				AD588CF62584CCD2007DF1CB /* CountryListViewController.swift in Sources */,
				AD186D4A258612C500F9B80C /* CountryDetailInteractor.swift in Sources */,
				AD1FE1B32584DCE70033AADC /* CountriesStoreAPI.swift in Sources */,
				AD840BB625853793004663C6 /* CountryListInteractor.swift in Sources */,
				AD0A916E2587B8220074EC9F /* UITextView+Extension.swift in Sources */,
				AD588D352584D297007DF1CB /* CountriesStoreInterfaces.swift in Sources */,
				AD73070B2585F0C1007A0C9E /* Utils.swift in Sources */,
				AD588D372584D297007DF1CB /* CountriesWorker.swift in Sources */,
				AD0A91752587BC720074EC9F /* UIImageView+Extension.swift in Sources */,
				AD22BF4425863894006FF089 /* AddNoteViewController.swift in Sources */,
				AD588D022584CDD6007DF1CB /* CountryListTableViewCell.swift in Sources */,
				ADD837A52584C45200D77F93 /* AppDelegate.swift in Sources */,
				ADEE41BF258A35FE00954D84 /* Notification+Extension.swift in Sources */,
				AD0A91882587C12A0074EC9F /* DefaultLogger.swift in Sources */,
				AD588D152584D0AC007DF1CB /* Result.swift in Sources */,
				AD1FE1A82584DADB0033AADC /* String+Extension.swift in Sources */,
				AD186D43258612BE00F9B80C /* CountryDetailPresenter.swift in Sources */,
				AD6B86B82587DD480025C171 /* UITableView+Extension.swift in Sources */,
				ADD837A62584C45200D77F93 /* SceneDelegate.swift in Sources */,
				AD186D562586133E00F9B80C /* CountryDetailInterfaces.swift in Sources */,
				AD588D232584D154007DF1CB /* Country.swift in Sources */,
				AD186D612586134F00F9B80C /* CountryDetailModels.swift in Sources */,
				AD588CD72584CA9F007DF1CB /* CountryListInterfaces.swift in Sources */,
				AD1FE2022584E4390033AADC /* HttpError.swift in Sources */,
				ADD837E62584C66E00D77F93 /* AppModels.swift in Sources */,
				AD588CF42584CCD2007DF1CB /* CountryListRouter.swift in Sources */,
				ADD837E82584C66E00D77F93 /* AppDisplayable.swift in Sources */,
				AD1FE1EC2584E2DE0033AADC /* ApiService.swift in Sources */,
				AD588CE22584CB85007DF1CB /* CountryListModels.swift in Sources */,
				AD22BF892586726C006FF089 /* AddNoteRouter.swift in Sources */,
				AD0A917D2587C0F10074EC9F /* AppLog.swift in Sources */,
				AD7307132585F74A007A0C9E /* RoundedCornerView.swift in Sources */,
				AD840B8025852FB7004663C6 /* RealmCountry.swift in Sources */,
				AD22BF7B25866ED6006FF089 /* AddNoteModels.swift in Sources */,
				ADD837EA2584C66E00D77F93 /* AppRoutable.swift in Sources */,
				AD1FE1D22584DF5C0033AADC /* ApiServiceInterface.swift in Sources */,
				AD22BF6C25866E4C006FF089 /* AddNoteInteractor.swift in Sources */,
				AD1FE1E12584E15E0033AADC /* HttpCodableResponse.swift in Sources */,
				AD22BF8225866FB9006FF089 /* AddNotePresenter.swift in Sources */,
				AD186D3C258612B200F9B80C /* CountryDetailRouter.swift in Sources */,
				AD840BA4258533E4004663C6 /* Reach.swift in Sources */,
				AD22BF7425866ECC006FF089 /* AddNoteInterfaces.swift in Sources */,
				AD588CF02584CCD2007DF1CB /* CountryListPresenter.swift in Sources */,
				AD1FE2092584E4C10033AADC /* HttpUtils.swift in Sources */,
			);
			runOnlyForDeploymentPostprocessing = 0;
		};
/* End PBXSourcesBuildPhase section */

/* Begin PBXTargetDependency section */
		ADD837842584C35C00D77F93 /* PBXTargetDependency */ = {
			isa = PBXTargetDependency;
			target = ADD8376B2584C35A00D77F93 /* CleanCountries */;
			targetProxy = ADD837832584C35C00D77F93 /* PBXContainerItemProxy */;
		};
		ADD8378F2584C35C00D77F93 /* PBXTargetDependency */ = {
			isa = PBXTargetDependency;
			target = ADD8376B2584C35A00D77F93 /* CleanCountries */;
			targetProxy = ADD8378E2584C35C00D77F93 /* PBXContainerItemProxy */;
		};
		ADE809B32587ECE2009653B2 /* PBXTargetDependency */ = {
			isa = PBXTargetDependency;
			target = ADD837A22584C45200D77F93 /* CleanCountriesDemo */;
			targetProxy = ADE809B22587ECE2009653B2 /* PBXContainerItemProxy */;
		};
		ADE809C12587ECE7009653B2 /* PBXTargetDependency */ = {
			isa = PBXTargetDependency;
			target = ADD837A22584C45200D77F93 /* CleanCountriesDemo */;
			targetProxy = ADE809C02587ECE7009653B2 /* PBXContainerItemProxy */;
		};
/* End PBXTargetDependency section */

/* Begin PBXVariantGroup section */
		ADD837752584C35A00D77F93 /* CountryList.storyboard */ = {
			isa = PBXVariantGroup;
			children = (
				ADD837762584C35A00D77F93 /* Base */,
			);
			name = CountryList.storyboard;
			sourceTree = "<group>";
		};
		ADD8377A2584C35C00D77F93 /* LaunchScreen.storyboard */ = {
			isa = PBXVariantGroup;
			children = (
				ADD8377B2584C35C00D77F93 /* Base */,
			);
			name = LaunchScreen.storyboard;
			sourceTree = "<group>";
		};
		ADD837D72584C5FE00D77F93 /* Localizable.strings */ = {
			isa = PBXVariantGroup;
			children = (
				ADD837D62584C5FE00D77F93 /* en */,
				ADD837DC2584C60200D77F93 /* it */,
			);
			name = Localizable.strings;
			sourceTree = "<group>";
		};
/* End PBXVariantGroup section */

/* Begin XCBuildConfiguration section */
		ADD837942584C35C00D77F93 /* Debug */ = {
			isa = XCBuildConfiguration;
			buildSettings = {
				ALWAYS_SEARCH_USER_PATHS = NO;
				CLANG_ANALYZER_LOCALIZABILITY_NONLOCALIZED = YES;
				CLANG_ANALYZER_NONNULL = YES;
				CLANG_ANALYZER_NUMBER_OBJECT_CONVERSION = YES_AGGRESSIVE;
				CLANG_CXX_LANGUAGE_STANDARD = "gnu++14";
				CLANG_CXX_LIBRARY = "libc++";
				CLANG_ENABLE_MODULES = YES;
				CLANG_ENABLE_OBJC_ARC = YES;
				CLANG_ENABLE_OBJC_WEAK = YES;
				CLANG_WARN_BLOCK_CAPTURE_AUTORELEASING = YES;
				CLANG_WARN_BOOL_CONVERSION = YES;
				CLANG_WARN_COMMA = YES;
				CLANG_WARN_CONSTANT_CONVERSION = YES;
				CLANG_WARN_DEPRECATED_OBJC_IMPLEMENTATIONS = YES;
				CLANG_WARN_DIRECT_OBJC_ISA_USAGE = YES_ERROR;
				CLANG_WARN_DOCUMENTATION_COMMENTS = YES;
				CLANG_WARN_EMPTY_BODY = YES;
				CLANG_WARN_ENUM_CONVERSION = YES;
				CLANG_WARN_INFINITE_RECURSION = YES;
				CLANG_WARN_INT_CONVERSION = YES;
				CLANG_WARN_NON_LITERAL_NULL_CONVERSION = YES;
				CLANG_WARN_OBJC_IMPLICIT_RETAIN_SELF = YES;
				CLANG_WARN_OBJC_LITERAL_CONVERSION = YES;
				CLANG_WARN_OBJC_ROOT_CLASS = YES_ERROR;
				CLANG_WARN_QUOTED_INCLUDE_IN_FRAMEWORK_HEADER = YES;
				CLANG_WARN_RANGE_LOOP_ANALYSIS = YES;
				CLANG_WARN_STRICT_PROTOTYPES = YES;
				CLANG_WARN_SUSPICIOUS_MOVE = YES;
				CLANG_WARN_UNGUARDED_AVAILABILITY = YES_AGGRESSIVE;
				CLANG_WARN_UNREACHABLE_CODE = YES;
				CLANG_WARN__DUPLICATE_METHOD_MATCH = YES;
				COPY_PHASE_STRIP = NO;
				DEBUG_INFORMATION_FORMAT = dwarf;
				ENABLE_STRICT_OBJC_MSGSEND = YES;
				ENABLE_TESTABILITY = YES;
				GCC_C_LANGUAGE_STANDARD = gnu11;
				GCC_DYNAMIC_NO_PIC = NO;
				GCC_NO_COMMON_BLOCKS = YES;
				GCC_OPTIMIZATION_LEVEL = 0;
				GCC_PREPROCESSOR_DEFINITIONS = (
					"DEBUG=1",
					"$(inherited)",
				);
				GCC_WARN_64_TO_32_BIT_CONVERSION = YES;
				GCC_WARN_ABOUT_RETURN_TYPE = YES_ERROR;
				GCC_WARN_UNDECLARED_SELECTOR = YES;
				GCC_WARN_UNINITIALIZED_AUTOS = YES_AGGRESSIVE;
				GCC_WARN_UNUSED_FUNCTION = YES;
				GCC_WARN_UNUSED_VARIABLE = YES;
				IPHONEOS_DEPLOYMENT_TARGET = 14.2;
				MTL_ENABLE_DEBUG_INFO = INCLUDE_SOURCE;
				MTL_FAST_MATH = YES;
				ONLY_ACTIVE_ARCH = YES;
				SDKROOT = iphoneos;
				SWIFT_ACTIVE_COMPILATION_CONDITIONS = DEBUG;
				SWIFT_OPTIMIZATION_LEVEL = "-Onone";
			};
			name = Debug;
		};
		ADD837952584C35C00D77F93 /* Release */ = {
			isa = XCBuildConfiguration;
			buildSettings = {
				ALWAYS_SEARCH_USER_PATHS = NO;
				CLANG_ANALYZER_LOCALIZABILITY_NONLOCALIZED = YES;
				CLANG_ANALYZER_NONNULL = YES;
				CLANG_ANALYZER_NUMBER_OBJECT_CONVERSION = YES_AGGRESSIVE;
				CLANG_CXX_LANGUAGE_STANDARD = "gnu++14";
				CLANG_CXX_LIBRARY = "libc++";
				CLANG_ENABLE_MODULES = YES;
				CLANG_ENABLE_OBJC_ARC = YES;
				CLANG_ENABLE_OBJC_WEAK = YES;
				CLANG_WARN_BLOCK_CAPTURE_AUTORELEASING = YES;
				CLANG_WARN_BOOL_CONVERSION = YES;
				CLANG_WARN_COMMA = YES;
				CLANG_WARN_CONSTANT_CONVERSION = YES;
				CLANG_WARN_DEPRECATED_OBJC_IMPLEMENTATIONS = YES;
				CLANG_WARN_DIRECT_OBJC_ISA_USAGE = YES_ERROR;
				CLANG_WARN_DOCUMENTATION_COMMENTS = YES;
				CLANG_WARN_EMPTY_BODY = YES;
				CLANG_WARN_ENUM_CONVERSION = YES;
				CLANG_WARN_INFINITE_RECURSION = YES;
				CLANG_WARN_INT_CONVERSION = YES;
				CLANG_WARN_NON_LITERAL_NULL_CONVERSION = YES;
				CLANG_WARN_OBJC_IMPLICIT_RETAIN_SELF = YES;
				CLANG_WARN_OBJC_LITERAL_CONVERSION = YES;
				CLANG_WARN_OBJC_ROOT_CLASS = YES_ERROR;
				CLANG_WARN_QUOTED_INCLUDE_IN_FRAMEWORK_HEADER = YES;
				CLANG_WARN_RANGE_LOOP_ANALYSIS = YES;
				CLANG_WARN_STRICT_PROTOTYPES = YES;
				CLANG_WARN_SUSPICIOUS_MOVE = YES;
				CLANG_WARN_UNGUARDED_AVAILABILITY = YES_AGGRESSIVE;
				CLANG_WARN_UNREACHABLE_CODE = YES;
				CLANG_WARN__DUPLICATE_METHOD_MATCH = YES;
				COPY_PHASE_STRIP = NO;
				DEBUG_INFORMATION_FORMAT = "dwarf-with-dsym";
				ENABLE_NS_ASSERTIONS = NO;
				ENABLE_STRICT_OBJC_MSGSEND = YES;
				GCC_C_LANGUAGE_STANDARD = gnu11;
				GCC_NO_COMMON_BLOCKS = YES;
				GCC_WARN_64_TO_32_BIT_CONVERSION = YES;
				GCC_WARN_ABOUT_RETURN_TYPE = YES_ERROR;
				GCC_WARN_UNDECLARED_SELECTOR = YES;
				GCC_WARN_UNINITIALIZED_AUTOS = YES_AGGRESSIVE;
				GCC_WARN_UNUSED_FUNCTION = YES;
				GCC_WARN_UNUSED_VARIABLE = YES;
				IPHONEOS_DEPLOYMENT_TARGET = 14.2;
				MTL_ENABLE_DEBUG_INFO = NO;
				MTL_FAST_MATH = YES;
				SDKROOT = iphoneos;
				SWIFT_COMPILATION_MODE = wholemodule;
				SWIFT_OPTIMIZATION_LEVEL = "-O";
				VALIDATE_PRODUCT = YES;
			};
			name = Release;
		};
		ADD837972584C35C00D77F93 /* Debug */ = {
			isa = XCBuildConfiguration;
			baseConfigurationReference = D3AF8C2BEE621A0D61CB373D /* Pods-CleanCountries.debug.xcconfig */;
			buildSettings = {
				ASSETCATALOG_COMPILER_APPICON_NAME = AppIcon;
				ASSETCATALOG_COMPILER_GLOBAL_ACCENT_COLOR_NAME = AccentColor;
				CODE_SIGN_STYLE = Automatic;
				DEVELOPMENT_TEAM = "";
				INFOPLIST_FILE = "$(SRCROOT)/CleanCountries/Targets Configuration/Production/Info.plist";
				IPHONEOS_DEPLOYMENT_TARGET = 14.0;
				LD_RUNPATH_SEARCH_PATHS = (
					"$(inherited)",
					"@executable_path/Frameworks",
				);
				PRODUCT_BUNDLE_IDENTIFIER = "com.ndb.clean-countries";
				PRODUCT_NAME = "$(TARGET_NAME)";
				SWIFT_VERSION = 5.0;
				TARGETED_DEVICE_FAMILY = "1,2";
			};
			name = Debug;
		};
		ADD837982584C35C00D77F93 /* Release */ = {
			isa = XCBuildConfiguration;
			baseConfigurationReference = E3DCBD6536D7B1FEC99941CE /* Pods-CleanCountries.release.xcconfig */;
			buildSettings = {
				ASSETCATALOG_COMPILER_APPICON_NAME = AppIcon;
				ASSETCATALOG_COMPILER_GLOBAL_ACCENT_COLOR_NAME = AccentColor;
				CODE_SIGN_STYLE = Automatic;
				DEVELOPMENT_TEAM = "";
				INFOPLIST_FILE = "$(SRCROOT)/CleanCountries/Targets Configuration/Production/Info.plist";
				IPHONEOS_DEPLOYMENT_TARGET = 14.0;
				LD_RUNPATH_SEARCH_PATHS = (
					"$(inherited)",
					"@executable_path/Frameworks",
				);
				PRODUCT_BUNDLE_IDENTIFIER = "com.ndb.clean-countries";
				PRODUCT_NAME = "$(TARGET_NAME)";
				SWIFT_VERSION = 5.0;
				TARGETED_DEVICE_FAMILY = "1,2";
			};
			name = Release;
		};
		ADD8379A2584C35C00D77F93 /* Debug */ = {
			isa = XCBuildConfiguration;
			baseConfigurationReference = 788B7D6C4EDFB878167F3DBF /* Pods-CleanCountriesTests.debug.xcconfig */;
			buildSettings = {
				ALWAYS_EMBED_SWIFT_STANDARD_LIBRARIES = YES;
				BUNDLE_LOADER = "$(TEST_HOST)";
				CODE_SIGN_STYLE = Automatic;
				DEVELOPMENT_TEAM = "";
				INFOPLIST_FILE = CleanCountriesTests/Info.plist;
				IPHONEOS_DEPLOYMENT_TARGET = 14.2;
				LD_RUNPATH_SEARCH_PATHS = (
					"$(inherited)",
					"@executable_path/Frameworks",
					"@loader_path/Frameworks",
				);
				PRODUCT_BUNDLE_IDENTIFIER = com.nicoladb.CleanCountriesTests;
				PRODUCT_NAME = "$(TARGET_NAME)";
				SWIFT_VERSION = 5.0;
				TARGETED_DEVICE_FAMILY = "1,2";
				TEST_HOST = "$(BUILT_PRODUCTS_DIR)/CleanCountriesDemo.app/CleanCountriesDemo";
			};
			name = Debug;
		};
		ADD8379B2584C35C00D77F93 /* Release */ = {
			isa = XCBuildConfiguration;
			baseConfigurationReference = FF461FB3C6FCA9C97F5A7886 /* Pods-CleanCountriesTests.release.xcconfig */;
			buildSettings = {
				ALWAYS_EMBED_SWIFT_STANDARD_LIBRARIES = YES;
				BUNDLE_LOADER = "$(TEST_HOST)";
				CODE_SIGN_STYLE = Automatic;
				DEVELOPMENT_TEAM = "";
				INFOPLIST_FILE = CleanCountriesTests/Info.plist;
				IPHONEOS_DEPLOYMENT_TARGET = 14.2;
				LD_RUNPATH_SEARCH_PATHS = (
					"$(inherited)",
					"@executable_path/Frameworks",
					"@loader_path/Frameworks",
				);
				PRODUCT_BUNDLE_IDENTIFIER = com.nicoladb.CleanCountriesTests;
				PRODUCT_NAME = "$(TARGET_NAME)";
				SWIFT_VERSION = 5.0;
				TARGETED_DEVICE_FAMILY = "1,2";
				TEST_HOST = "$(BUILT_PRODUCTS_DIR)/CleanCountriesDemo.app/CleanCountriesDemo";
			};
			name = Release;
		};
		ADD8379D2584C35C00D77F93 /* Debug */ = {
			isa = XCBuildConfiguration;
			baseConfigurationReference = 1014307AAEA8E869B87C1A4C /* Pods-CleanCountries-CleanCountriesUITests.debug.xcconfig */;
			buildSettings = {
				ALWAYS_EMBED_SWIFT_STANDARD_LIBRARIES = YES;
				CODE_SIGN_STYLE = Automatic;
				DEVELOPMENT_TEAM = "";
				INFOPLIST_FILE = CleanCountriesUITests/Info.plist;
				LD_RUNPATH_SEARCH_PATHS = (
					"$(inherited)",
					"@executable_path/Frameworks",
					"@loader_path/Frameworks",
				);
				PRODUCT_BUNDLE_IDENTIFIER = com.nicoladb.CleanCountriesUITests;
				PRODUCT_NAME = "$(TARGET_NAME)";
				SWIFT_VERSION = 5.0;
				TARGETED_DEVICE_FAMILY = "1,2";
				TEST_TARGET_NAME = CleanCountriesDemo;
			};
			name = Debug;
		};
		ADD8379E2584C35C00D77F93 /* Release */ = {
			isa = XCBuildConfiguration;
			baseConfigurationReference = AF51DF0E0F281EBB61B3FCD0 /* Pods-CleanCountries-CleanCountriesUITests.release.xcconfig */;
			buildSettings = {
				ALWAYS_EMBED_SWIFT_STANDARD_LIBRARIES = YES;
				CODE_SIGN_STYLE = Automatic;
				DEVELOPMENT_TEAM = "";
				INFOPLIST_FILE = CleanCountriesUITests/Info.plist;
				LD_RUNPATH_SEARCH_PATHS = (
					"$(inherited)",
					"@executable_path/Frameworks",
					"@loader_path/Frameworks",
				);
				PRODUCT_BUNDLE_IDENTIFIER = com.nicoladb.CleanCountriesUITests;
				PRODUCT_NAME = "$(TARGET_NAME)";
				SWIFT_VERSION = 5.0;
				TARGETED_DEVICE_FAMILY = "1,2";
				TEST_TARGET_NAME = CleanCountriesDemo;
			};
			name = Release;
		};
		ADD837AD2584C45200D77F93 /* Debug */ = {
			isa = XCBuildConfiguration;
			baseConfigurationReference = 1234F53E384C9B6457C31C80 /* Pods-CleanCountriesDemo.debug.xcconfig */;
			buildSettings = {
				ASSETCATALOG_COMPILER_APPICON_NAME = AppIcon;
				ASSETCATALOG_COMPILER_GLOBAL_ACCENT_COLOR_NAME = AccentColor;
				CODE_SIGN_STYLE = Automatic;
				DEVELOPMENT_TEAM = "";
				INFOPLIST_FILE = "$(SRCROOT)/CleanCountries/Targets Configuration/Demo/Info.plist";
				IPHONEOS_DEPLOYMENT_TARGET = 14.0;
				LD_RUNPATH_SEARCH_PATHS = (
					"$(inherited)",
					"@executable_path/Frameworks",
				);
				PRODUCT_BUNDLE_IDENTIFIER = "com.ndb.clean-countries-demo";
				PRODUCT_NAME = "$(TARGET_NAME)";
				SWIFT_VERSION = 5.0;
				TARGETED_DEVICE_FAMILY = "1,2";
			};
			name = Debug;
		};
		ADD837AE2584C45200D77F93 /* Release */ = {
			isa = XCBuildConfiguration;
			baseConfigurationReference = AA433916F66F308D8ADF8548 /* Pods-CleanCountriesDemo.release.xcconfig */;
			buildSettings = {
				ASSETCATALOG_COMPILER_APPICON_NAME = AppIcon;
				ASSETCATALOG_COMPILER_GLOBAL_ACCENT_COLOR_NAME = AccentColor;
				CODE_SIGN_STYLE = Automatic;
				DEVELOPMENT_TEAM = "";
				INFOPLIST_FILE = "$(SRCROOT)/CleanCountries/Targets Configuration/Demo/Info.plist";
				IPHONEOS_DEPLOYMENT_TARGET = 14.0;
				LD_RUNPATH_SEARCH_PATHS = (
					"$(inherited)",
					"@executable_path/Frameworks",
				);
				PRODUCT_BUNDLE_IDENTIFIER = "com.ndb.clean-countries-demo";
				PRODUCT_NAME = "$(TARGET_NAME)";
				SWIFT_VERSION = 5.0;
				TARGETED_DEVICE_FAMILY = "1,2";
			};
			name = Release;
		};
/* End XCBuildConfiguration section */

/* Begin XCConfigurationList section */
		ADD837672584C35A00D77F93 /* Build configuration list for PBXProject "CleanCountries" */ = {
			isa = XCConfigurationList;
			buildConfigurations = (
				ADD837942584C35C00D77F93 /* Debug */,
				ADD837952584C35C00D77F93 /* Release */,
			);
			defaultConfigurationIsVisible = 0;
			defaultConfigurationName = Release;
		};
		ADD837962584C35C00D77F93 /* Build configuration list for PBXNativeTarget "CleanCountries" */ = {
			isa = XCConfigurationList;
			buildConfigurations = (
				ADD837972584C35C00D77F93 /* Debug */,
				ADD837982584C35C00D77F93 /* Release */,
			);
			defaultConfigurationIsVisible = 0;
			defaultConfigurationName = Release;
		};
		ADD837992584C35C00D77F93 /* Build configuration list for PBXNativeTarget "CleanCountriesTests" */ = {
			isa = XCConfigurationList;
			buildConfigurations = (
				ADD8379A2584C35C00D77F93 /* Debug */,
				ADD8379B2584C35C00D77F93 /* Release */,
			);
			defaultConfigurationIsVisible = 0;
			defaultConfigurationName = Release;
		};
		ADD8379C2584C35C00D77F93 /* Build configuration list for PBXNativeTarget "CleanCountriesUITests" */ = {
			isa = XCConfigurationList;
			buildConfigurations = (
				ADD8379D2584C35C00D77F93 /* Debug */,
				ADD8379E2584C35C00D77F93 /* Release */,
			);
			defaultConfigurationIsVisible = 0;
			defaultConfigurationName = Release;
		};
		ADD837AC2584C45200D77F93 /* Build configuration list for PBXNativeTarget "CleanCountriesDemo" */ = {
			isa = XCConfigurationList;
			buildConfigurations = (
				ADD837AD2584C45200D77F93 /* Debug */,
				ADD837AE2584C45200D77F93 /* Release */,
			);
			defaultConfigurationIsVisible = 0;
			defaultConfigurationName = Release;
		};
/* End XCConfigurationList section */
	};
	rootObject = ADD837642584C35A00D77F93 /* Project object */;
}
